// !$*UTF8*$!
{
	archiveVersion = 1;
	classes = {
	};
	objectVersion = 46;
	objects = {

/* Begin PBXBuildFile section */
		84FE76691A045E1200775747 /* main.m in Sources */ = {isa = PBXBuildFile; fileRef = 84FE76681A045E1200775747 /* main.m */; };
		84FE766C1A045E1200775747 /* AppDelegate.m in Sources */ = {isa = PBXBuildFile; fileRef = 84FE766B1A045E1200775747 /* AppDelegate.m */; };
		84FE766F1A045E1200775747 /* MainViewController.m in Sources */ = {isa = PBXBuildFile; fileRef = 84FE766E1A045E1200775747 /* MainViewController.m */; };
		84FE76721A045E1200775747 /* Main.storyboard in Resources */ = {isa = PBXBuildFile; fileRef = 84FE76701A045E1200775747 /* Main.storyboard */; };
		84FE76741A045E1200775747 /* Images.xcassets in Resources */ = {isa = PBXBuildFile; fileRef = 84FE76731A045E1200775747 /* Images.xcassets */; };
		84FE76771A045E1200775747 /* LaunchScreen.xib in Resources */ = {isa = PBXBuildFile; fileRef = 84FE76751A045E1200775747 /* LaunchScreen.xib */; };
		84FE76831A045E1200775747 /* PageTransitionIntroTests.m in Sources */ = {isa = PBXBuildFile; fileRef = 84FE76821A045E1200775747 /* PageTransitionIntroTests.m */; };
		84FE768E1A045EED00775747 /* InfoViewController.m in Sources */ = {isa = PBXBuildFile; fileRef = 84FE768D1A045EED00775747 /* InfoViewController.m */; };
/* End PBXBuildFile section */

/* Begin PBXContainerItemProxy section */
		84FE767D1A045E1200775747 /* PBXContainerItemProxy */ = {
			isa = PBXContainerItemProxy;
			containerPortal = 84FE765B1A045E1200775747 /* Project object */;
			proxyType = 1;
			remoteGlobalIDString = 84FE76621A045E1200775747;
			remoteInfo = PageTransitionIntro;
		};
/* End PBXContainerItemProxy section */

/* Begin PBXFileReference section */
		84FE76631A045E1200775747 /* PageTransitionIntro.app */ = {isa = PBXFileReference; explicitFileType = wrapper.application; includeInIndex = 0; path = PageTransitionIntro.app; sourceTree = BUILT_PRODUCTS_DIR; };
		84FE76671A045E1200775747 /* Info.plist */ = {isa = PBXFileReference; lastKnownFileType = text.plist.xml; path = Info.plist; sourceTree = "<group>"; };
		84FE76681A045E1200775747 /* main.m */ = {isa = PBXFileReference; lastKnownFileType = sourcecode.c.objc; path = main.m; sourceTree = "<group>"; };
		84FE766A1A045E1200775747 /* AppDelegate.h */ = {isa = PBXFileReference; lastKnownFileType = sourcecode.c.h; path = AppDelegate.h; sourceTree = "<group>"; };
		84FE766B1A045E1200775747 /* AppDelegate.m */ = {isa = PBXFileReference; lastKnownFileType = sourcecode.c.objc; path = AppDelegate.m; sourceTree = "<group>"; };
		84FE766D1A045E1200775747 /* MainViewController.h */ = {isa = PBXFileReference; lastKnownFileType = sourcecode.c.h; path = MainViewController.h; sourceTree = "<group>"; };
		84FE766E1A045E1200775747 /* MainViewController.m */ = {isa = PBXFileReference; lastKnownFileType = sourcecode.c.objc; path = MainViewController.m; sourceTree = "<group>"; };
		84FE76711A045E1200775747 /* Base */ = {isa = PBXFileReference; lastKnownFileType = file.storyboard; name = Base; path = Base.lproj/Main.storyboard; sourceTree = "<group>"; };
		84FE76731A045E1200775747 /* Images.xcassets */ = {isa = PBXFileReference; lastKnownFileType = folder.assetcatalog; path = Images.xcassets; sourceTree = "<group>"; };
		84FE76761A045E1200775747 /* Base */ = {isa = PBXFileReference; lastKnownFileType = file.xib; name = Base; path = Base.lproj/LaunchScreen.xib; sourceTree = "<group>"; };
		84FE767C1A045E1200775747 /* PageTransitionIntroTests.xctest */ = {isa = PBXFileReference; explicitFileType = wrapper.cfbundle; includeInIndex = 0; path = PageTransitionIntroTests.xctest; sourceTree = BUILT_PRODUCTS_DIR; };
		84FE76811A045E1200775747 /* Info.plist */ = {isa = PBXFileReference; lastKnownFileType = text.plist.xml; path = Info.plist; sourceTree = "<group>"; };
		84FE76821A045E1200775747 /* PageTransitionIntroTests.m */ = {isa = PBXFileReference; lastKnownFileType = sourcecode.c.objc; path = PageTransitionIntroTests.m; sourceTree = "<group>"; };
		84FE768C1A045EED00775747 /* InfoViewController.h */ = {isa = PBXFileReference; fileEncoding = 4; lastKnownFileType = sourcecode.c.h; path = InfoViewController.h; sourceTree = "<group>"; };
		84FE768D1A045EED00775747 /* InfoViewController.m */ = {isa = PBXFileReference; fileEncoding = 4; lastKnownFileType = sourcecode.c.objc; path = InfoViewController.m; sourceTree = "<group>"; };
/* End PBXFileReference section */

/* Begin PBXFrameworksBuildPhase section */
		84FE76601A045E1200775747 /* Frameworks */ = {
			isa = PBXFrameworksBuildPhase;
			buildActionMask = 2147483647;
			files = (
			);
			runOnlyForDeploymentPostprocessing = 0;
		};
		84FE76791A045E1200775747 /* Frameworks */ = {
			isa = PBXFrameworksBuildPhase;
			buildActionMask = 2147483647;
			files = (
			);
			runOnlyForDeploymentPostprocessing = 0;
		};
/* End PBXFrameworksBuildPhase section */

/* Begin PBXGroup section */
		84FE765A1A045E1200775747 = {
			isa = PBXGroup;
			children = (
				84FE76651A045E1200775747 /* PageTransitionIntro */,
				84FE767F1A045E1200775747 /* PageTransitionIntroTests */,
				84FE76641A045E1200775747 /* Products */,
			);
			sourceTree = "<group>";
		};
		84FE76641A045E1200775747 /* Products */ = {
			isa = PBXGroup;
			children = (
				84FE76631A045E1200775747 /* PageTransitionIntro.app */,
				84FE767C1A045E1200775747 /* PageTransitionIntroTests.xctest */,
			);
			name = Products;
			sourceTree = "<group>";
		};
		84FE76651A045E1200775747 /* PageTransitionIntro */ = {
			isa = PBXGroup;
			children = (
				84FE766A1A045E1200775747 /* AppDelegate.h */,
				84FE766B1A045E1200775747 /* AppDelegate.m */,
				84FE766D1A045E1200775747 /* MainViewController.h */,
				84FE766E1A045E1200775747 /* MainViewController.m */,
				84FE76701A045E1200775747 /* Main.storyboard */,
				84FE76731A045E1200775747 /* Images.xcassets */,
				84FE76751A045E1200775747 /* LaunchScreen.xib */,
				84FE76661A045E1200775747 /* Supporting Files */,
				84FE768C1A045EED00775747 /* InfoViewController.h */,
				84FE768D1A045EED00775747 /* InfoViewController.m */,
			);
			path = PageTransitionIntro;
			sourceTree = "<group>";
		};
		84FE76661A045E1200775747 /* Supporting Files */ = {
			isa = PBXGroup;
			children = (
				84FE76671A045E1200775747 /* Info.plist */,
				84FE76681A045E1200775747 /* main.m */,
			);
			name = "Supporting Files";
			sourceTree = "<group>";
		};
		84FE767F1A045E1200775747 /* PageTransitionIntroTests */ = {
			isa = PBXGroup;
			children = (
				84FE76821A045E1200775747 /* PageTransitionIntroTests.m */,
				84FE76801A045E1200775747 /* Supporting Files */,
			);
			path = PageTransitionIntroTests;
			sourceTree = "<group>";
		};
		84FE76801A045E1200775747 /* Supporting Files */ = {
			isa = PBXGroup;
			children = (
				84FE76811A045E1200775747 /* Info.plist */,
			);
			name = "Supporting Files";
			sourceTree = "<group>";
		};
/* End PBXGroup section */

/* Begin PBXNativeTarget section */
		84FE76621A045E1200775747 /* PageTransitionIntro */ = {
			isa = PBXNativeTarget;
			buildConfigurationList = 84FE76861A045E1200775747 /* Build configuration list for PBXNativeTarget "PageTransitionIntro" */;
			buildPhases = (
				84FE765F1A045E1200775747 /* Sources */,
				84FE76601A045E1200775747 /* Frameworks */,
				84FE76611A045E1200775747 /* Resources */,
			);
			buildRules = (
			);
			dependencies = (
			);
			name = PageTransitionIntro;
			productName = PageTransitionIntro;
			productReference = 84FE76631A045E1200775747 /* PageTransitionIntro.app */;
			productType = "com.apple.product-type.application";
		};
		84FE767B1A045E1200775747 /* PageTransitionIntroTests */ = {
			isa = PBXNativeTarget;
			buildConfigurationList = 84FE76891A045E1200775747 /* Build configuration list for PBXNativeTarget "PageTransitionIntroTests" */;
			buildPhases = (
				84FE76781A045E1200775747 /* Sources */,
				84FE76791A045E1200775747 /* Frameworks */,
				84FE767A1A045E1200775747 /* Resources */,
			);
			buildRules = (
			);
			dependencies = (
				84FE767E1A045E1200775747 /* PBXTargetDependency */,
			);
			name = PageTransitionIntroTests;
			productName = PageTransitionIntroTests;
			productReference = 84FE767C1A045E1200775747 /* PageTransitionIntroTests.xctest */;
			productType = "com.apple.product-type.bundle.unit-test";
		};
/* End PBXNativeTarget section */

/* Begin PBXProject section */
		84FE765B1A045E1200775747 /* Project object */ = {
			isa = PBXProject;
			attributes = {
				LastUpgradeCheck = 0610;
				ORGANIZATIONNAME = Admin;
				TargetAttributes = {
					84FE76621A045E1200775747 = {
						CreatedOnToolsVersion = 6.1;
					};
					84FE767B1A045E1200775747 = {
						CreatedOnToolsVersion = 6.1;
						TestTargetID = 84FE76621A045E1200775747;
					};
				};
			};
			buildConfigurationList = 84FE765E1A045E1200775747 /* Build configuration list for PBXProject "PageTransitionIntro" */;
			compatibilityVersion = "Xcode 3.2";
			developmentRegion = English;
			hasScannedForEncodings = 0;
			knownRegions = (
				en,
				Base,
			);
			mainGroup = 84FE765A1A045E1200775747;
			productRefGroup = 84FE76641A045E1200775747 /* Products */;
			projectDirPath = "";
			projectRoot = "";
			targets = (
				84FE76621A045E1200775747 /* PageTransitionIntro */,
				84FE767B1A045E1200775747 /* PageTransitionIntroTests */,
			);
		};
/* End PBXProject section */

/* Begin PBXResourcesBuildPhase section */
		84FE76611A045E1200775747 /* Resources */ = {
			isa = PBXResourcesBuildPhase;
			buildActionMask = 2147483647;
			files = (
				84FE76721A045E1200775747 /* Main.storyboard in Resources */,
				84FE76771A045E1200775747 /* LaunchScreen.xib in Resources */,
				84FE76741A045E1200775747 /* Images.xcassets in Resources */,
			);
			runOnlyForDeploymentPostprocessing = 0;
		};
		84FE767A1A045E1200775747 /* Resources */ = {
			isa = PBXResourcesBuildPhase;
			buildActionMask = 2147483647;
			files = (
			);
			runOnlyForDeploymentPostprocessing = 0;
		};
/* End PBXResourcesBuildPhase section */

/* Begin PBXSourcesBuildPhase section */
		84FE765F1A045E1200775747 /* Sources */ = {
			isa = PBXSourcesBuildPhase;
			buildActionMask = 2147483647;
			files = (
				84FE766F1A045E1200775747 /* MainViewController.m in Sources */,
				84FE766C1A045E1200775747 /* AppDelegate.m in Sources */,
				84FE768E1A045EED00775747 /* InfoViewController.m in Sources */,
				84FE76691A045E1200775747 /* main.m in Sources */,
			);
			runOnlyForDeploymentPostprocessing = 0;
		};
		84FE76781A045E1200775747 /* Sources */ = {
			isa = PBXSourcesBuildPhase;
			buildActionMask = 2147483647;
			files = (
				84FE76831A045E1200775747 /* PageTransitionIntroTests.m in Sources */,
			);
			runOnlyForDeploymentPostprocessing = 0;
		};
/* End PBXSourcesBuildPhase section */

/* Begin PBXTargetDependency section */
		84FE767E1A045E1200775747 /* PBXTargetDependency */ = {
			isa = PBXTargetDependency;
			target = 84FE76621A045E1200775747 /* PageTransitionIntro */;
			targetProxy = 84FE767D1A045E1200775747 /* PBXContainerItemProxy */;
		};
/* End PBXTargetDependency section */

/* Begin PBXVariantGroup section */
		84FE76701A045E1200775747 /* Main.storyboard */ = {
			isa = PBXVariantGroup;
			children = (
				84FE76711A045E1200775747 /* Base */,
			);
			name = Main.storyboard;
			sourceTree = "<group>";
		};
		84FE76751A045E1200775747 /* LaunchScreen.xib */ = {
			isa = PBXVariantGroup;
			children = (
				84FE76761A045E1200775747 /* Base */,
			);
			name = LaunchScreen.xib;
			sourceTree = "<group>";
		};
/* End PBXVariantGroup section */

/* Begin XCBuildConfiguration section */
		84FE76841A045E1200775747 /* Debug */ = {
			isa = XCBuildConfiguration;
			buildSettings = {
				ALWAYS_SEARCH_USER_PATHS = NO;
				CLANG_CXX_LANGUAGE_STANDARD = "gnu++0x";
				CLANG_CXX_LIBRARY = "libc++";
				CLANG_ENABLE_MODULES = YES;
				CLANG_ENABLE_OBJC_ARC = YES;
				CLANG_WARN_BOOL_CONVERSION = YES;
				CLANG_WARN_CONSTANT_CONVERSION = YES;
				CLANG_WARN_DIRECT_OBJC_ISA_USAGE = YES_ERROR;
				CLANG_WARN_EMPTY_BODY = YES;
				CLANG_WARN_ENUM_CONVERSION = YES;
				CLANG_WARN_INT_CONVERSION = YES;
				CLANG_WARN_OBJC_ROOT_CLASS = YES_ERROR;
				CLANG_WARN_UNREACHABLE_CODE = YES;
				CLANG_WARN__DUPLICATE_METHOD_MATCH = YES;
				"CODE_SIGN_IDENTITY[sdk=iphoneos*]" = "iPhone Developer";
				COPY_PHASE_STRIP = NO;
				ENABLE_STRICT_OBJC_MSGSEND = YES;
				GCC_C_LANGUAGE_STANDARD = gnu99;
				GCC_DYNAMIC_NO_PIC = NO;
				GCC_OPTIMIZATION_LEVEL = 0;
				GCC_PREPROCESSOR_DEFINITIONS = (
					"DEBUG=1",
					"$(inherited)",
				);
				GCC_SYMBOLS_PRIVATE_EXTERN = NO;
				GCC_WARN_64_TO_32_BIT_CONVERSION = YES;
				GCC_WARN_ABOUT_RETURN_TYPE = YES_ERROR;
				GCC_WARN_UNDECLARED_SELECTOR = YES;
				GCC_WARN_UNINITIALIZED_AUTOS = YES_AGGRESSIVE;
				GCC_WARN_UNUSED_FUNCTION = YES;
				GCC_WARN_UNUSED_VARIABLE = YES;
				IPHONEOS_DEPLOYMENT_TARGET = 8.1;
				MTL_ENABLE_DEBUG_INFO = YES;
				ONLY_ACTIVE_ARCH = YES;
				SDKROOT = iphoneos;
				TARGETED_DEVICE_FAMILY = "1,2";
			};
			name = Debug;
		};
		84FE76851A045E1200775747 /* Release */ = {
			isa = XCBuildConfiguration;
			buildSettings = {
				ALWAYS_SEARCH_USER_PATHS = NO;
				CLANG_CXX_LANGUAGE_STANDARD = "gnu++0x";
				CLANG_CXX_LIBRARY = "libc++";
				CLANG_ENABLE_MODULES = YES;
				CLANG_ENABLE_OBJC_ARC = YES;
				CLANG_WARN_BOOL_CONVERSION = YES;
				CLANG_WARN_CONSTANT_CONVERSION = YES;
				CLANG_WARN_DIRECT_OBJC_ISA_USAGE = YES_ERROR;
				CLANG_WARN_EMPTY_BODY = YES;
				CLANG_WARN_ENUM_CONVERSION = YES;
				CLANG_WARN_INT_CONVERSION = YES;
				CLANG_WARN_OBJC_ROOT_CLASS = YES_ERROR;
				CLANG_WARN_UNREACHABLE_CODE = YES;
				CLANG_WARN__DUPLICATE_METHOD_MATCH = YES;
				"CODE_SIGN_IDENTITY[sdk=iphoneos*]" = "iPhone Developer";
				COPY_PHASE_STRIP = YES;
				ENABLE_NS_ASSERTIONS = NO;
				ENABLE_STRICT_OBJC_MSGSEND = YES;
				GCC_C_LANGUAGE_STANDARD = gnu99;
				GCC_WARN_64_TO_32_BIT_CONVERSION = YES;
				GCC_WARN_ABOUT_RETURN_TYPE = YES_ERROR;
				GCC_WARN_UNDECLARED_SELECTOR = YES;
				GCC_WARN_UNINITIALIZED_AUTOS = YES_AGGRESSIVE;
				GCC_WARN_UNUSED_FUNCTION = YES;
				GCC_WARN_UNUSED_VARIABLE = YES;
				IPHONEOS_DEPLOYMENT_TARGET = 8.1;
				MTL_ENABLE_DEBUG_INFO = NO;
				SDKROOT = iphoneos;
				TARGETED_DEVICE_FAMILY = "1,2";
				VALIDATE_PRODUCT = YES;
			};
			name = Release;
		};
		84FE76871A045E1200775747 /* Debug */ = {
			isa = XCBuildConfiguration;
			buildSettings = {
				ASSETCATALOG_COMPILER_APPICON_NAME = AppIcon;
				INFOPLIST_FILE = PageTransitionIntro/Info.plist;
				LD_RUNPATH_SEARCH_PATHS = "$(inherited) @executable_path/Frameworks";
				PRODUCT_NAME = "$(TARGET_NAME)";
			};
			name = Debug;
		};
		84FE76881A045E1200775747 /* Release */ = {
			isa = XCBuildConfiguration;
			buildSettings = {
				ASSETCATALOG_COMPILER_APPICON_NAME = AppIcon;
				INFOPLIST_FILE = PageTransitionIntro/Info.plist;
				LD_RUNPATH_SEARCH_PATHS = "$(inherited) @executable_path/Frameworks";
				PRODUCT_NAME = "$(TARGET_NAME)";
			};
			name = Release;
		};
		84FE768A1A045E1200775747 /* Debug */ = {
			isa = XCBuildConfiguration;
			buildSettings = {
				BUNDLE_LOADER = "$(TEST_HOST)";
				FRAMEWORK_SEARCH_PATHS = (
					"$(SDKROOT)/Developer/Library/Frameworks",
					"$(inherited)",
				);
				GCC_PREPROCESSOR_DEFINITIONS = (
					"DEBUG=1",
					"$(inherited)",
				);
				INFOPLIST_FILE = PageTransitionIntroTests/Info.plist;
				LD_RUNPATH_SEARCH_PATHS = "$(inherited) @executable_path/Frameworks @loader_path/Frameworks";
				PRODUCT_NAME = "$(TARGET_NAME)";
				TEST_HOST = "$(BUILT_PRODUCTS_DIR)/PageTransitionIntro.app/PageTransitionIntro";
			};
			name = Debug;
		};
		84FE768B1A045E1200775747 /* Release */ = {
			isa = XCBuildConfiguration;
			buildSettings = {
				BUNDLE_LOADER = "$(TEST_HOST)";
				FRAMEWORK_SEARCH_PATHS = (
					"$(SDKROOT)/Developer/Library/Frameworks",
					"$(inherited)",
				);
				INFOPLIST_FILE = PageTransitionIntroTests/Info.plist;
				LD_RUNPATH_SEARCH_PATHS = "$(inherited) @executable_path/Frameworks @loader_path/Frameworks";
				PRODUCT_NAME = "$(TARGET_NAME)";
				TEST_HOST = "$(BUILT_PRODUCTS_DIR)/PageTransitionIntro.app/PageTransitionIntro";
			};
			name = Release;
		};
/* End XCBuildConfiguration section */

/* Begin XCConfigurationList section */
		84FE765E1A045E1200775747 /* Build configuration list for PBXProject "PageTransitionIntro" */ = {
			isa = XCConfigurationList;
			buildConfigurations = (
				84FE76841A045E1200775747 /* Debug */,
				84FE76851A045E1200775747 /* Release */,
			);
			defaultConfigurationIsVisible = 0;
			defaultConfigurationName = Release;
		};
		84FE76861A045E1200775747 /* Build configuration list for PBXNativeTarget "PageTransitionIntro" */ = {
			isa = XCConfigurationList;
			buildConfigurations = (
				84FE76871A045E1200775747 /* Debug */,
				84FE76881A045E1200775747 /* Release */,
			);
			defaultConfigurationIsVisible = 0;
			defaultConfigurationName = Release;
		};
		84FE76891A045E1200775747 /* Build configuration list for PBXNativeTarget "PageTransitionIntroTests" */ = {
			isa = XCConfigurationList;
			buildConfigurations = (
				84FE768A1A045E1200775747 /* Debug */,
				84FE768B1A045E1200775747 /* Release */,
			);
			defaultConfigurationIsVisible = 0;
			defaultConfigurationName = Release;
		};
/* End XCConfigurationList section */
	};
	rootObject = 84FE765B1A045E1200775747 /* Project object */;
}
