// !$*UTF8*$!
{
	archiveVersion = 1;
	classes = {
	};
	objectVersion = 46;
	objects = {

/* Begin PBXBuildFile section */
		8411FDD71A100CFD00F6E638 /* main.m in Sources */ = {isa = PBXBuildFile; fileRef = 8411FDD61A100CFD00F6E638 /* main.m */; };
		8411FDDA1A100CFD00F6E638 /* AppDelegate.m in Sources */ = {isa = PBXBuildFile; fileRef = 8411FDD91A100CFD00F6E638 /* AppDelegate.m */; };
		8411FDDD1A100CFD00F6E638 /* FirstViewController.m in Sources */ = {isa = PBXBuildFile; fileRef = 8411FDDC1A100CFD00F6E638 /* FirstViewController.m */; };
		8411FDE01A100CFD00F6E638 /* SecondViewController.m in Sources */ = {isa = PBXBuildFile; fileRef = 8411FDDF1A100CFD00F6E638 /* SecondViewController.m */; };
		8411FDE31A100CFD00F6E638 /* Main.storyboard in Resources */ = {isa = PBXBuildFile; fileRef = 8411FDE11A100CFD00F6E638 /* Main.storyboard */; };
		8411FDE51A100CFD00F6E638 /* Images.xcassets in Resources */ = {isa = PBXBuildFile; fileRef = 8411FDE41A100CFD00F6E638 /* Images.xcassets */; };
		8411FDE81A100CFD00F6E638 /* LaunchScreen.xib in Resources */ = {isa = PBXBuildFile; fileRef = 8411FDE61A100CFD00F6E638 /* LaunchScreen.xib */; };
		8411FDF41A100CFD00F6E638 /* TabViewIconSettingTests.m in Sources */ = {isa = PBXBuildFile; fileRef = 8411FDF31A100CFD00F6E638 /* TabViewIconSettingTests.m */; };
/* End PBXBuildFile section */

/* Begin PBXContainerItemProxy section */
		8411FDEE1A100CFD00F6E638 /* PBXContainerItemProxy */ = {
			isa = PBXContainerItemProxy;
			containerPortal = 8411FDC91A100CFD00F6E638 /* Project object */;
			proxyType = 1;
			remoteGlobalIDString = 8411FDD01A100CFD00F6E638;
			remoteInfo = TabViewIconSetting;
		};
/* End PBXContainerItemProxy section */

/* Begin PBXFileReference section */
		8411FDD11A100CFD00F6E638 /* TabViewIconSetting.app */ = {isa = PBXFileReference; explicitFileType = wrapper.application; includeInIndex = 0; path = TabViewIconSetting.app; sourceTree = BUILT_PRODUCTS_DIR; };
		8411FDD51A100CFD00F6E638 /* Info.plist */ = {isa = PBXFileReference; lastKnownFileType = text.plist.xml; path = Info.plist; sourceTree = "<group>"; };
		8411FDD61A100CFD00F6E638 /* main.m */ = {isa = PBXFileReference; lastKnownFileType = sourcecode.c.objc; path = main.m; sourceTree = "<group>"; };
		8411FDD81A100CFD00F6E638 /* AppDelegate.h */ = {isa = PBXFileReference; lastKnownFileType = sourcecode.c.h; path = AppDelegate.h; sourceTree = "<group>"; };
		8411FDD91A100CFD00F6E638 /* AppDelegate.m */ = {isa = PBXFileReference; lastKnownFileType = sourcecode.c.objc; path = AppDelegate.m; sourceTree = "<group>"; };
		8411FDDB1A100CFD00F6E638 /* FirstViewController.h */ = {isa = PBXFileReference; lastKnownFileType = sourcecode.c.h; path = FirstViewController.h; sourceTree = "<group>"; };
		8411FDDC1A100CFD00F6E638 /* FirstViewController.m */ = {isa = PBXFileReference; lastKnownFileType = sourcecode.c.objc; path = FirstViewController.m; sourceTree = "<group>"; };
		8411FDDE1A100CFD00F6E638 /* SecondViewController.h */ = {isa = PBXFileReference; lastKnownFileType = sourcecode.c.h; path = SecondViewController.h; sourceTree = "<group>"; };
		8411FDDF1A100CFD00F6E638 /* SecondViewController.m */ = {isa = PBXFileReference; lastKnownFileType = sourcecode.c.objc; path = SecondViewController.m; sourceTree = "<group>"; };
		8411FDE21A100CFD00F6E638 /* Base */ = {isa = PBXFileReference; lastKnownFileType = file.storyboard; name = Base; path = Base.lproj/Main.storyboard; sourceTree = "<group>"; };
		8411FDE41A100CFD00F6E638 /* Images.xcassets */ = {isa = PBXFileReference; lastKnownFileType = folder.assetcatalog; path = Images.xcassets; sourceTree = "<group>"; };
		8411FDE71A100CFD00F6E638 /* Base */ = {isa = PBXFileReference; lastKnownFileType = file.xib; name = Base; path = Base.lproj/LaunchScreen.xib; sourceTree = "<group>"; };
		8411FDED1A100CFD00F6E638 /* TabViewIconSettingTests.xctest */ = {isa = PBXFileReference; explicitFileType = wrapper.cfbundle; includeInIndex = 0; path = TabViewIconSettingTests.xctest; sourceTree = BUILT_PRODUCTS_DIR; };
		8411FDF21A100CFD00F6E638 /* Info.plist */ = {isa = PBXFileReference; lastKnownFileType = text.plist.xml; path = Info.plist; sourceTree = "<group>"; };
		8411FDF31A100CFD00F6E638 /* TabViewIconSettingTests.m */ = {isa = PBXFileReference; lastKnownFileType = sourcecode.c.objc; path = TabViewIconSettingTests.m; sourceTree = "<group>"; };
/* End PBXFileReference section */

/* Begin PBXFrameworksBuildPhase section */
		8411FDCE1A100CFD00F6E638 /* Frameworks */ = {
			isa = PBXFrameworksBuildPhase;
			buildActionMask = 2147483647;
			files = (
			);
			runOnlyForDeploymentPostprocessing = 0;
		};
		8411FDEA1A100CFD00F6E638 /* Frameworks */ = {
			isa = PBXFrameworksBuildPhase;
			buildActionMask = 2147483647;
			files = (
			);
			runOnlyForDeploymentPostprocessing = 0;
		};
/* End PBXFrameworksBuildPhase section */

/* Begin PBXGroup section */
		8411FDC81A100CFD00F6E638 = {
			isa = PBXGroup;
			children = (
				8411FDD31A100CFD00F6E638 /* TabViewIconSetting */,
				8411FDF01A100CFD00F6E638 /* TabViewIconSettingTests */,
				8411FDD21A100CFD00F6E638 /* Products */,
			);
			sourceTree = "<group>";
		};
		8411FDD21A100CFD00F6E638 /* Products */ = {
			isa = PBXGroup;
			children = (
				8411FDD11A100CFD00F6E638 /* TabViewIconSetting.app */,
				8411FDED1A100CFD00F6E638 /* TabViewIconSettingTests.xctest */,
			);
			name = Products;
			sourceTree = "<group>";
		};
		8411FDD31A100CFD00F6E638 /* TabViewIconSetting */ = {
			isa = PBXGroup;
			children = (
				8411FDD81A100CFD00F6E638 /* AppDelegate.h */,
				8411FDD91A100CFD00F6E638 /* AppDelegate.m */,
				8411FDDB1A100CFD00F6E638 /* FirstViewController.h */,
				8411FDDC1A100CFD00F6E638 /* FirstViewController.m */,
				8411FDDE1A100CFD00F6E638 /* SecondViewController.h */,
				8411FDDF1A100CFD00F6E638 /* SecondViewController.m */,
				8411FDE11A100CFD00F6E638 /* Main.storyboard */,
				8411FDE41A100CFD00F6E638 /* Images.xcassets */,
				8411FDE61A100CFD00F6E638 /* LaunchScreen.xib */,
				8411FDD41A100CFD00F6E638 /* Supporting Files */,
			);
			path = TabViewIconSetting;
			sourceTree = "<group>";
		};
		8411FDD41A100CFD00F6E638 /* Supporting Files */ = {
			isa = PBXGroup;
			children = (
				8411FDD51A100CFD00F6E638 /* Info.plist */,
				8411FDD61A100CFD00F6E638 /* main.m */,
			);
			name = "Supporting Files";
			sourceTree = "<group>";
		};
		8411FDF01A100CFD00F6E638 /* TabViewIconSettingTests */ = {
			isa = PBXGroup;
			children = (
				8411FDF31A100CFD00F6E638 /* TabViewIconSettingTests.m */,
				8411FDF11A100CFD00F6E638 /* Supporting Files */,
			);
			path = TabViewIconSettingTests;
			sourceTree = "<group>";
		};
		8411FDF11A100CFD00F6E638 /* Supporting Files */ = {
			isa = PBXGroup;
			children = (
				8411FDF21A100CFD00F6E638 /* Info.plist */,
			);
			name = "Supporting Files";
			sourceTree = "<group>";
		};
/* End PBXGroup section */

/* Begin PBXNativeTarget section */
		8411FDD01A100CFD00F6E638 /* TabViewIconSetting */ = {
			isa = PBXNativeTarget;
			buildConfigurationList = 8411FDF71A100CFD00F6E638 /* Build configuration list for PBXNativeTarget "TabViewIconSetting" */;
			buildPhases = (
				8411FDCD1A100CFD00F6E638 /* Sources */,
				8411FDCE1A100CFD00F6E638 /* Frameworks */,
				8411FDCF1A100CFD00F6E638 /* Resources */,
			);
			buildRules = (
			);
			dependencies = (
			);
			name = TabViewIconSetting;
			productName = TabViewIconSetting;
			productReference = 8411FDD11A100CFD00F6E638 /* TabViewIconSetting.app */;
			productType = "com.apple.product-type.application";
		};
		8411FDEC1A100CFD00F6E638 /* TabViewIconSettingTests */ = {
			isa = PBXNativeTarget;
			buildConfigurationList = 8411FDFA1A100CFD00F6E638 /* Build configuration list for PBXNativeTarget "TabViewIconSettingTests" */;
			buildPhases = (
				8411FDE91A100CFD00F6E638 /* Sources */,
				8411FDEA1A100CFD00F6E638 /* Frameworks */,
				8411FDEB1A100CFD00F6E638 /* Resources */,
			);
			buildRules = (
			);
			dependencies = (
				8411FDEF1A100CFD00F6E638 /* PBXTargetDependency */,
			);
			name = TabViewIconSettingTests;
			productName = TabViewIconSettingTests;
			productReference = 8411FDED1A100CFD00F6E638 /* TabViewIconSettingTests.xctest */;
			productType = "com.apple.product-type.bundle.unit-test";
		};
/* End PBXNativeTarget section */

/* Begin PBXProject section */
		8411FDC91A100CFD00F6E638 /* Project object */ = {
			isa = PBXProject;
			attributes = {
				LastUpgradeCheck = 0610;
				ORGANIZATIONNAME = Admin;
				TargetAttributes = {
					8411FDD01A100CFD00F6E638 = {
						CreatedOnToolsVersion = 6.1;
					};
					8411FDEC1A100CFD00F6E638 = {
						CreatedOnToolsVersion = 6.1;
						TestTargetID = 8411FDD01A100CFD00F6E638;
					};
				};
			};
			buildConfigurationList = 8411FDCC1A100CFD00F6E638 /* Build configuration list for PBXProject "TabViewIconSetting" */;
			compatibilityVersion = "Xcode 3.2";
			developmentRegion = English;
			hasScannedForEncodings = 0;
			knownRegions = (
				en,
				Base,
			);
			mainGroup = 8411FDC81A100CFD00F6E638;
			productRefGroup = 8411FDD21A100CFD00F6E638 /* Products */;
			projectDirPath = "";
			projectRoot = "";
			targets = (
				8411FDD01A100CFD00F6E638 /* TabViewIconSetting */,
				8411FDEC1A100CFD00F6E638 /* TabViewIconSettingTests */,
			);
		};
/* End PBXProject section */

/* Begin PBXResourcesBuildPhase section */
		8411FDCF1A100CFD00F6E638 /* Resources */ = {
			isa = PBXResourcesBuildPhase;
			buildActionMask = 2147483647;
			files = (
				8411FDE31A100CFD00F6E638 /* Main.storyboard in Resources */,
				8411FDE81A100CFD00F6E638 /* LaunchScreen.xib in Resources */,
				8411FDE51A100CFD00F6E638 /* Images.xcassets in Resources */,
			);
			runOnlyForDeploymentPostprocessing = 0;
		};
		8411FDEB1A100CFD00F6E638 /* Resources */ = {
			isa = PBXResourcesBuildPhase;
			buildActionMask = 2147483647;
			files = (
			);
			runOnlyForDeploymentPostprocessing = 0;
		};
/* End PBXResourcesBuildPhase section */

/* Begin PBXSourcesBuildPhase section */
		8411FDCD1A100CFD00F6E638 /* Sources */ = {
			isa = PBXSourcesBuildPhase;
			buildActionMask = 2147483647;
			files = (
				8411FDE01A100CFD00F6E638 /* SecondViewController.m in Sources */,
				8411FDDA1A100CFD00F6E638 /* AppDelegate.m in Sources */,
				8411FDDD1A100CFD00F6E638 /* FirstViewController.m in Sources */,
				8411FDD71A100CFD00F6E638 /* main.m in Sources */,
			);
			runOnlyForDeploymentPostprocessing = 0;
		};
		8411FDE91A100CFD00F6E638 /* Sources */ = {
			isa = PBXSourcesBuildPhase;
			buildActionMask = 2147483647;
			files = (
				8411FDF41A100CFD00F6E638 /* TabViewIconSettingTests.m in Sources */,
			);
			runOnlyForDeploymentPostprocessing = 0;
		};
/* End PBXSourcesBuildPhase section */

/* Begin PBXTargetDependency section */
		8411FDEF1A100CFD00F6E638 /* PBXTargetDependency */ = {
			isa = PBXTargetDependency;
			target = 8411FDD01A100CFD00F6E638 /* TabViewIconSetting */;
			targetProxy = 8411FDEE1A100CFD00F6E638 /* PBXContainerItemProxy */;
		};
/* End PBXTargetDependency section */

/* Begin PBXVariantGroup section */
		8411FDE11A100CFD00F6E638 /* Main.storyboard */ = {
			isa = PBXVariantGroup;
			children = (
				8411FDE21A100CFD00F6E638 /* Base */,
			);
			name = Main.storyboard;
			sourceTree = "<group>";
		};
		8411FDE61A100CFD00F6E638 /* LaunchScreen.xib */ = {
			isa = PBXVariantGroup;
			children = (
				8411FDE71A100CFD00F6E638 /* Base */,
			);
			name = LaunchScreen.xib;
			sourceTree = "<group>";
		};
/* End PBXVariantGroup section */

/* Begin XCBuildConfiguration section */
		8411FDF51A100CFD00F6E638 /* Debug */ = {
			isa = XCBuildConfiguration;
			buildSettings = {
				ALWAYS_SEARCH_USER_PATHS = NO;
				CLANG_CXX_LANGUAGE_STANDARD = "gnu++0x";
				CLANG_CXX_LIBRARY = "libc++";
				CLANG_ENABLE_MODULES = YES;
				CLANG_ENABLE_OBJC_ARC = YES;
				CLANG_WARN_BOOL_CONVERSION = YES;
				CLANG_WARN_CONSTANT_CONVERSION = YES;
				CLANG_WARN_DIRECT_OBJC_ISA_USAGE = YES_ERROR;
				CLANG_WARN_EMPTY_BODY = YES;
				CLANG_WARN_ENUM_CONVERSION = YES;
				CLANG_WARN_INT_CONVERSION = YES;
				CLANG_WARN_OBJC_ROOT_CLASS = YES_ERROR;
				CLANG_WARN_UNREACHABLE_CODE = YES;
				CLANG_WARN__DUPLICATE_METHOD_MATCH = YES;
				"CODE_SIGN_IDENTITY[sdk=iphoneos*]" = "iPhone Developer";
				COPY_PHASE_STRIP = NO;
				ENABLE_STRICT_OBJC_MSGSEND = YES;
				GCC_C_LANGUAGE_STANDARD = gnu99;
				GCC_DYNAMIC_NO_PIC = NO;
				GCC_OPTIMIZATION_LEVEL = 0;
				GCC_PREPROCESSOR_DEFINITIONS = (
					"DEBUG=1",
					"$(inherited)",
				);
				GCC_SYMBOLS_PRIVATE_EXTERN = NO;
				GCC_WARN_64_TO_32_BIT_CONVERSION = YES;
				GCC_WARN_ABOUT_RETURN_TYPE = YES_ERROR;
				GCC_WARN_UNDECLARED_SELECTOR = YES;
				GCC_WARN_UNINITIALIZED_AUTOS = YES_AGGRESSIVE;
				GCC_WARN_UNUSED_FUNCTION = YES;
				GCC_WARN_UNUSED_VARIABLE = YES;
				IPHONEOS_DEPLOYMENT_TARGET = 8.1;
				MTL_ENABLE_DEBUG_INFO = YES;
				ONLY_ACTIVE_ARCH = YES;
				SDKROOT = iphoneos;
			};
			name = Debug;
		};
		8411FDF61A100CFD00F6E638 /* Release */ = {
			isa = XCBuildConfiguration;
			buildSettings = {
				ALWAYS_SEARCH_USER_PATHS = NO;
				CLANG_CXX_LANGUAGE_STANDARD = "gnu++0x";
				CLANG_CXX_LIBRARY = "libc++";
				CLANG_ENABLE_MODULES = YES;
				CLANG_ENABLE_OBJC_ARC = YES;
				CLANG_WARN_BOOL_CONVERSION = YES;
				CLANG_WARN_CONSTANT_CONVERSION = YES;
				CLANG_WARN_DIRECT_OBJC_ISA_USAGE = YES_ERROR;
				CLANG_WARN_EMPTY_BODY = YES;
				CLANG_WARN_ENUM_CONVERSION = YES;
				CLANG_WARN_INT_CONVERSION = YES;
				CLANG_WARN_OBJC_ROOT_CLASS = YES_ERROR;
				CLANG_WARN_UNREACHABLE_CODE = YES;
				CLANG_WARN__DUPLICATE_METHOD_MATCH = YES;
				"CODE_SIGN_IDENTITY[sdk=iphoneos*]" = "iPhone Developer";
				COPY_PHASE_STRIP = YES;
				ENABLE_NS_ASSERTIONS = NO;
				ENABLE_STRICT_OBJC_MSGSEND = YES;
				GCC_C_LANGUAGE_STANDARD = gnu99;
				GCC_WARN_64_TO_32_BIT_CONVERSION = YES;
				GCC_WARN_ABOUT_RETURN_TYPE = YES_ERROR;
				GCC_WARN_UNDECLARED_SELECTOR = YES;
				GCC_WARN_UNINITIALIZED_AUTOS = YES_AGGRESSIVE;
				GCC_WARN_UNUSED_FUNCTION = YES;
				GCC_WARN_UNUSED_VARIABLE = YES;
				IPHONEOS_DEPLOYMENT_TARGET = 8.1;
				MTL_ENABLE_DEBUG_INFO = NO;
				SDKROOT = iphoneos;
				VALIDATE_PRODUCT = YES;
			};
			name = Release;
		};
		8411FDF81A100CFD00F6E638 /* Debug */ = {
			isa = XCBuildConfiguration;
			buildSettings = {
				ASSETCATALOG_COMPILER_APPICON_NAME = AppIcon;
				INFOPLIST_FILE = TabViewIconSetting/Info.plist;
				LD_RUNPATH_SEARCH_PATHS = "$(inherited) @executable_path/Frameworks";
				PRODUCT_NAME = "$(TARGET_NAME)";
			};
			name = Debug;
		};
		8411FDF91A100CFD00F6E638 /* Release */ = {
			isa = XCBuildConfiguration;
			buildSettings = {
				ASSETCATALOG_COMPILER_APPICON_NAME = AppIcon;
				INFOPLIST_FILE = TabViewIconSetting/Info.plist;
				LD_RUNPATH_SEARCH_PATHS = "$(inherited) @executable_path/Frameworks";
				PRODUCT_NAME = "$(TARGET_NAME)";
			};
			name = Release;
		};
		8411FDFB1A100CFD00F6E638 /* Debug */ = {
			isa = XCBuildConfiguration;
			buildSettings = {
				BUNDLE_LOADER = "$(TEST_HOST)";
				FRAMEWORK_SEARCH_PATHS = (
					"$(SDKROOT)/Developer/Library/Frameworks",
					"$(inherited)",
				);
				GCC_PREPROCESSOR_DEFINITIONS = (
					"DEBUG=1",
					"$(inherited)",
				);
				INFOPLIST_FILE = TabViewIconSettingTests/Info.plist;
				LD_RUNPATH_SEARCH_PATHS = "$(inherited) @executable_path/Frameworks @loader_path/Frameworks";
				PRODUCT_NAME = "$(TARGET_NAME)";
				TEST_HOST = "$(BUILT_PRODUCTS_DIR)/TabViewIconSetting.app/TabViewIconSetting";
			};
			name = Debug;
		};
		8411FDFC1A100CFD00F6E638 /* Release */ = {
			isa = XCBuildConfiguration;
			buildSettings = {
				BUNDLE_LOADER = "$(TEST_HOST)";
				FRAMEWORK_SEARCH_PATHS = (
					"$(SDKROOT)/Developer/Library/Frameworks",
					"$(inherited)",
				);
				INFOPLIST_FILE = TabViewIconSettingTests/Info.plist;
				LD_RUNPATH_SEARCH_PATHS = "$(inherited) @executable_path/Frameworks @loader_path/Frameworks";
				PRODUCT_NAME = "$(TARGET_NAME)";
				TEST_HOST = "$(BUILT_PRODUCTS_DIR)/TabViewIconSetting.app/TabViewIconSetting";
			};
			name = Release;
		};
/* End XCBuildConfiguration section */

/* Begin XCConfigurationList section */
		8411FDCC1A100CFD00F6E638 /* Build configuration list for PBXProject "TabViewIconSetting" */ = {
			isa = XCConfigurationList;
			buildConfigurations = (
				8411FDF51A100CFD00F6E638 /* Debug */,
				8411FDF61A100CFD00F6E638 /* Release */,
			);
			defaultConfigurationIsVisible = 0;
			defaultConfigurationName = Release;
		};
		8411FDF71A100CFD00F6E638 /* Build configuration list for PBXNativeTarget "TabViewIconSetting" */ = {
			isa = XCConfigurationList;
			buildConfigurations = (
				8411FDF81A100CFD00F6E638 /* Debug */,
				8411FDF91A100CFD00F6E638 /* Release */,
			);
			defaultConfigurationIsVisible = 0;
		};
		8411FDFA1A100CFD00F6E638 /* Build configuration list for PBXNativeTarget "TabViewIconSettingTests" */ = {
			isa = XCConfigurationList;
			buildConfigurations = (
				8411FDFB1A100CFD00F6E638 /* Debug */,
				8411FDFC1A100CFD00F6E638 /* Release */,
			);
			defaultConfigurationIsVisible = 0;
		};
/* End XCConfigurationList section */
	};
	rootObject = 8411FDC91A100CFD00F6E638 /* Project object */;
}
