// !$*UTF8*$!
{
	archiveVersion = 1;
	classes = {
	};
	objectVersion = 46;
	objects = {

/* Begin PBXBuildFile section */
		84CD15F51A096300001BC228 /* main.m in Sources */ = {isa = PBXBuildFile; fileRef = 84CD15F41A096300001BC228 /* main.m */; };
		84CD15F81A096300001BC228 /* AppDelegate.m in Sources */ = {isa = PBXBuildFile; fileRef = 84CD15F71A096300001BC228 /* AppDelegate.m */; };
		84CD15FB1A096300001BC228 /* ViewController.m in Sources */ = {isa = PBXBuildFile; fileRef = 84CD15FA1A096300001BC228 /* ViewController.m */; };
		84CD15FE1A096300001BC228 /* Main.storyboard in Resources */ = {isa = PBXBuildFile; fileRef = 84CD15FC1A096300001BC228 /* Main.storyboard */; };
		84CD16001A096300001BC228 /* Images.xcassets in Resources */ = {isa = PBXBuildFile; fileRef = 84CD15FF1A096300001BC228 /* Images.xcassets */; };
		84CD16031A096300001BC228 /* LaunchScreen.xib in Resources */ = {isa = PBXBuildFile; fileRef = 84CD16011A096300001BC228 /* LaunchScreen.xib */; };
		84CD160F1A096300001BC228 /* RequestPerformerTests.m in Sources */ = {isa = PBXBuildFile; fileRef = 84CD160E1A096300001BC228 /* RequestPerformerTests.m */; };
		84CD161A1A097152001BC228 /* Requester.m in Sources */ = {isa = PBXBuildFile; fileRef = 84CD16191A097152001BC228 /* Requester.m */; };
/* End PBXBuildFile section */

/* Begin PBXContainerItemProxy section */
		84CD16091A096300001BC228 /* PBXContainerItemProxy */ = {
			isa = PBXContainerItemProxy;
			containerPortal = 84CD15E71A096300001BC228 /* Project object */;
			proxyType = 1;
			remoteGlobalIDString = 84CD15EE1A096300001BC228;
			remoteInfo = RequestPerformer;
		};
/* End PBXContainerItemProxy section */

/* Begin PBXFileReference section */
		84CD15EF1A096300001BC228 /* RequestPerformer.app */ = {isa = PBXFileReference; explicitFileType = wrapper.application; includeInIndex = 0; path = RequestPerformer.app; sourceTree = BUILT_PRODUCTS_DIR; };
		84CD15F31A096300001BC228 /* Info.plist */ = {isa = PBXFileReference; lastKnownFileType = text.plist.xml; path = Info.plist; sourceTree = "<group>"; };
		84CD15F41A096300001BC228 /* main.m */ = {isa = PBXFileReference; lastKnownFileType = sourcecode.c.objc; path = main.m; sourceTree = "<group>"; };
		84CD15F61A096300001BC228 /* AppDelegate.h */ = {isa = PBXFileReference; lastKnownFileType = sourcecode.c.h; path = AppDelegate.h; sourceTree = "<group>"; };
		84CD15F71A096300001BC228 /* AppDelegate.m */ = {isa = PBXFileReference; lastKnownFileType = sourcecode.c.objc; path = AppDelegate.m; sourceTree = "<group>"; };
		84CD15F91A096300001BC228 /* ViewController.h */ = {isa = PBXFileReference; lastKnownFileType = sourcecode.c.h; path = ViewController.h; sourceTree = "<group>"; };
		84CD15FA1A096300001BC228 /* ViewController.m */ = {isa = PBXFileReference; lastKnownFileType = sourcecode.c.objc; path = ViewController.m; sourceTree = "<group>"; };
		84CD15FD1A096300001BC228 /* Base */ = {isa = PBXFileReference; lastKnownFileType = file.storyboard; name = Base; path = Base.lproj/Main.storyboard; sourceTree = "<group>"; };
		84CD15FF1A096300001BC228 /* Images.xcassets */ = {isa = PBXFileReference; lastKnownFileType = folder.assetcatalog; path = Images.xcassets; sourceTree = "<group>"; };
		84CD16021A096300001BC228 /* Base */ = {isa = PBXFileReference; lastKnownFileType = file.xib; name = Base; path = Base.lproj/LaunchScreen.xib; sourceTree = "<group>"; };
		84CD16081A096300001BC228 /* RequestPerformerTests.xctest */ = {isa = PBXFileReference; explicitFileType = wrapper.cfbundle; includeInIndex = 0; path = RequestPerformerTests.xctest; sourceTree = BUILT_PRODUCTS_DIR; };
		84CD160D1A096300001BC228 /* Info.plist */ = {isa = PBXFileReference; lastKnownFileType = text.plist.xml; path = Info.plist; sourceTree = "<group>"; };
		84CD160E1A096300001BC228 /* RequestPerformerTests.m */ = {isa = PBXFileReference; lastKnownFileType = sourcecode.c.objc; path = RequestPerformerTests.m; sourceTree = "<group>"; };
		84CD16181A097152001BC228 /* Requester.h */ = {isa = PBXFileReference; fileEncoding = 4; lastKnownFileType = sourcecode.c.h; path = Requester.h; sourceTree = "<group>"; };
		84CD16191A097152001BC228 /* Requester.m */ = {isa = PBXFileReference; fileEncoding = 4; lastKnownFileType = sourcecode.c.objc; path = Requester.m; sourceTree = "<group>"; };
/* End PBXFileReference section */

/* Begin PBXFrameworksBuildPhase section */
		84CD15EC1A096300001BC228 /* Frameworks */ = {
			isa = PBXFrameworksBuildPhase;
			buildActionMask = 2147483647;
			files = (
			);
			runOnlyForDeploymentPostprocessing = 0;
		};
		84CD16051A096300001BC228 /* Frameworks */ = {
			isa = PBXFrameworksBuildPhase;
			buildActionMask = 2147483647;
			files = (
			);
			runOnlyForDeploymentPostprocessing = 0;
		};
/* End PBXFrameworksBuildPhase section */

/* Begin PBXGroup section */
		84CD15E61A096300001BC228 = {
			isa = PBXGroup;
			children = (
				84CD15F11A096300001BC228 /* RequestPerformer */,
				84CD160B1A096300001BC228 /* RequestPerformerTests */,
				84CD15F01A096300001BC228 /* Products */,
			);
			sourceTree = "<group>";
		};
		84CD15F01A096300001BC228 /* Products */ = {
			isa = PBXGroup;
			children = (
				84CD15EF1A096300001BC228 /* RequestPerformer.app */,
				84CD16081A096300001BC228 /* RequestPerformerTests.xctest */,
			);
			name = Products;
			sourceTree = "<group>";
		};
		84CD15F11A096300001BC228 /* RequestPerformer */ = {
			isa = PBXGroup;
			children = (
				84CD15F61A096300001BC228 /* AppDelegate.h */,
				84CD15F71A096300001BC228 /* AppDelegate.m */,
				84CD15F91A096300001BC228 /* ViewController.h */,
				84CD15FA1A096300001BC228 /* ViewController.m */,
				84CD15FC1A096300001BC228 /* Main.storyboard */,
				84CD15FF1A096300001BC228 /* Images.xcassets */,
				84CD16011A096300001BC228 /* LaunchScreen.xib */,
				84CD15F21A096300001BC228 /* Supporting Files */,
				84CD16181A097152001BC228 /* Requester.h */,
				84CD16191A097152001BC228 /* Requester.m */,
			);
			path = RequestPerformer;
			sourceTree = "<group>";
		};
		84CD15F21A096300001BC228 /* Supporting Files */ = {
			isa = PBXGroup;
			children = (
				84CD15F31A096300001BC228 /* Info.plist */,
				84CD15F41A096300001BC228 /* main.m */,
			);
			name = "Supporting Files";
			sourceTree = "<group>";
		};
		84CD160B1A096300001BC228 /* RequestPerformerTests */ = {
			isa = PBXGroup;
			children = (
				84CD160E1A096300001BC228 /* RequestPerformerTests.m */,
				84CD160C1A096300001BC228 /* Supporting Files */,
			);
			path = RequestPerformerTests;
			sourceTree = "<group>";
		};
		84CD160C1A096300001BC228 /* Supporting Files */ = {
			isa = PBXGroup;
			children = (
				84CD160D1A096300001BC228 /* Info.plist */,
			);
			name = "Supporting Files";
			sourceTree = "<group>";
		};
/* End PBXGroup section */

/* Begin PBXNativeTarget section */
		84CD15EE1A096300001BC228 /* RequestPerformer */ = {
			isa = PBXNativeTarget;
			buildConfigurationList = 84CD16121A096300001BC228 /* Build configuration list for PBXNativeTarget "RequestPerformer" */;
			buildPhases = (
				84CD15EB1A096300001BC228 /* Sources */,
				84CD15EC1A096300001BC228 /* Frameworks */,
				84CD15ED1A096300001BC228 /* Resources */,
			);
			buildRules = (
			);
			dependencies = (
			);
			name = RequestPerformer;
			productName = RequestPerformer;
			productReference = 84CD15EF1A096300001BC228 /* RequestPerformer.app */;
			productType = "com.apple.product-type.application";
		};
		84CD16071A096300001BC228 /* RequestPerformerTests */ = {
			isa = PBXNativeTarget;
			buildConfigurationList = 84CD16151A096300001BC228 /* Build configuration list for PBXNativeTarget "RequestPerformerTests" */;
			buildPhases = (
				84CD16041A096300001BC228 /* Sources */,
				84CD16051A096300001BC228 /* Frameworks */,
				84CD16061A096300001BC228 /* Resources */,
			);
			buildRules = (
			);
			dependencies = (
				84CD160A1A096300001BC228 /* PBXTargetDependency */,
			);
			name = RequestPerformerTests;
			productName = RequestPerformerTests;
			productReference = 84CD16081A096300001BC228 /* RequestPerformerTests.xctest */;
			productType = "com.apple.product-type.bundle.unit-test";
		};
/* End PBXNativeTarget section */

/* Begin PBXProject section */
		84CD15E71A096300001BC228 /* Project object */ = {
			isa = PBXProject;
			attributes = {
				LastUpgradeCheck = 0610;
				ORGANIZATIONNAME = Admin;
				TargetAttributes = {
					84CD15EE1A096300001BC228 = {
						CreatedOnToolsVersion = 6.1;
					};
					84CD16071A096300001BC228 = {
						CreatedOnToolsVersion = 6.1;
						TestTargetID = 84CD15EE1A096300001BC228;
					};
				};
			};
			buildConfigurationList = 84CD15EA1A096300001BC228 /* Build configuration list for PBXProject "RequestPerformer" */;
			compatibilityVersion = "Xcode 3.2";
			developmentRegion = English;
			hasScannedForEncodings = 0;
			knownRegions = (
				en,
				Base,
			);
			mainGroup = 84CD15E61A096300001BC228;
			productRefGroup = 84CD15F01A096300001BC228 /* Products */;
			projectDirPath = "";
			projectRoot = "";
			targets = (
				84CD15EE1A096300001BC228 /* RequestPerformer */,
				84CD16071A096300001BC228 /* RequestPerformerTests */,
			);
		};
/* End PBXProject section */

/* Begin PBXResourcesBuildPhase section */
		84CD15ED1A096300001BC228 /* Resources */ = {
			isa = PBXResourcesBuildPhase;
			buildActionMask = 2147483647;
			files = (
				84CD15FE1A096300001BC228 /* Main.storyboard in Resources */,
				84CD16031A096300001BC228 /* LaunchScreen.xib in Resources */,
				84CD16001A096300001BC228 /* Images.xcassets in Resources */,
			);
			runOnlyForDeploymentPostprocessing = 0;
		};
		84CD16061A096300001BC228 /* Resources */ = {
			isa = PBXResourcesBuildPhase;
			buildActionMask = 2147483647;
			files = (
			);
			runOnlyForDeploymentPostprocessing = 0;
		};
/* End PBXResourcesBuildPhase section */

/* Begin PBXSourcesBuildPhase section */
		84CD15EB1A096300001BC228 /* Sources */ = {
			isa = PBXSourcesBuildPhase;
			buildActionMask = 2147483647;
			files = (
				84CD15FB1A096300001BC228 /* ViewController.m in Sources */,
				84CD15F81A096300001BC228 /* AppDelegate.m in Sources */,
				84CD161A1A097152001BC228 /* Requester.m in Sources */,
				84CD15F51A096300001BC228 /* main.m in Sources */,
			);
			runOnlyForDeploymentPostprocessing = 0;
		};
		84CD16041A096300001BC228 /* Sources */ = {
			isa = PBXSourcesBuildPhase;
			buildActionMask = 2147483647;
			files = (
				84CD160F1A096300001BC228 /* RequestPerformerTests.m in Sources */,
			);
			runOnlyForDeploymentPostprocessing = 0;
		};
/* End PBXSourcesBuildPhase section */

/* Begin PBXTargetDependency section */
		84CD160A1A096300001BC228 /* PBXTargetDependency */ = {
			isa = PBXTargetDependency;
			target = 84CD15EE1A096300001BC228 /* RequestPerformer */;
			targetProxy = 84CD16091A096300001BC228 /* PBXContainerItemProxy */;
		};
/* End PBXTargetDependency section */

/* Begin PBXVariantGroup section */
		84CD15FC1A096300001BC228 /* Main.storyboard */ = {
			isa = PBXVariantGroup;
			children = (
				84CD15FD1A096300001BC228 /* Base */,
			);
			name = Main.storyboard;
			sourceTree = "<group>";
		};
		84CD16011A096300001BC228 /* LaunchScreen.xib */ = {
			isa = PBXVariantGroup;
			children = (
				84CD16021A096300001BC228 /* Base */,
			);
			name = LaunchScreen.xib;
			sourceTree = "<group>";
		};
/* End PBXVariantGroup section */

/* Begin XCBuildConfiguration section */
		84CD16101A096300001BC228 /* Debug */ = {
			isa = XCBuildConfiguration;
			buildSettings = {
				ALWAYS_SEARCH_USER_PATHS = NO;
				CLANG_CXX_LANGUAGE_STANDARD = "gnu++0x";
				CLANG_CXX_LIBRARY = "libc++";
				CLANG_ENABLE_MODULES = YES;
				CLANG_ENABLE_OBJC_ARC = YES;
				CLANG_WARN_BOOL_CONVERSION = YES;
				CLANG_WARN_CONSTANT_CONVERSION = YES;
				CLANG_WARN_DIRECT_OBJC_ISA_USAGE = YES_ERROR;
				CLANG_WARN_EMPTY_BODY = YES;
				CLANG_WARN_ENUM_CONVERSION = YES;
				CLANG_WARN_INT_CONVERSION = YES;
				CLANG_WARN_OBJC_ROOT_CLASS = YES_ERROR;
				CLANG_WARN_UNREACHABLE_CODE = YES;
				CLANG_WARN__DUPLICATE_METHOD_MATCH = YES;
				"CODE_SIGN_IDENTITY[sdk=iphoneos*]" = "iPhone Developer";
				COPY_PHASE_STRIP = NO;
				ENABLE_STRICT_OBJC_MSGSEND = YES;
				GCC_C_LANGUAGE_STANDARD = gnu99;
				GCC_DYNAMIC_NO_PIC = NO;
				GCC_OPTIMIZATION_LEVEL = 0;
				GCC_PREPROCESSOR_DEFINITIONS = (
					"DEBUG=1",
					"$(inherited)",
				);
				GCC_SYMBOLS_PRIVATE_EXTERN = NO;
				GCC_WARN_64_TO_32_BIT_CONVERSION = YES;
				GCC_WARN_ABOUT_RETURN_TYPE = YES_ERROR;
				GCC_WARN_UNDECLARED_SELECTOR = YES;
				GCC_WARN_UNINITIALIZED_AUTOS = YES_AGGRESSIVE;
				GCC_WARN_UNUSED_FUNCTION = YES;
				GCC_WARN_UNUSED_VARIABLE = YES;
				IPHONEOS_DEPLOYMENT_TARGET = 8.1;
				MTL_ENABLE_DEBUG_INFO = YES;
				ONLY_ACTIVE_ARCH = YES;
				SDKROOT = iphoneos;
			};
			name = Debug;
		};
		84CD16111A096300001BC228 /* Release */ = {
			isa = XCBuildConfiguration;
			buildSettings = {
				ALWAYS_SEARCH_USER_PATHS = NO;
				CLANG_CXX_LANGUAGE_STANDARD = "gnu++0x";
				CLANG_CXX_LIBRARY = "libc++";
				CLANG_ENABLE_MODULES = YES;
				CLANG_ENABLE_OBJC_ARC = YES;
				CLANG_WARN_BOOL_CONVERSION = YES;
				CLANG_WARN_CONSTANT_CONVERSION = YES;
				CLANG_WARN_DIRECT_OBJC_ISA_USAGE = YES_ERROR;
				CLANG_WARN_EMPTY_BODY = YES;
				CLANG_WARN_ENUM_CONVERSION = YES;
				CLANG_WARN_INT_CONVERSION = YES;
				CLANG_WARN_OBJC_ROOT_CLASS = YES_ERROR;
				CLANG_WARN_UNREACHABLE_CODE = YES;
				CLANG_WARN__DUPLICATE_METHOD_MATCH = YES;
				"CODE_SIGN_IDENTITY[sdk=iphoneos*]" = "iPhone Developer";
				COPY_PHASE_STRIP = YES;
				ENABLE_NS_ASSERTIONS = NO;
				ENABLE_STRICT_OBJC_MSGSEND = YES;
				GCC_C_LANGUAGE_STANDARD = gnu99;
				GCC_WARN_64_TO_32_BIT_CONVERSION = YES;
				GCC_WARN_ABOUT_RETURN_TYPE = YES_ERROR;
				GCC_WARN_UNDECLARED_SELECTOR = YES;
				GCC_WARN_UNINITIALIZED_AUTOS = YES_AGGRESSIVE;
				GCC_WARN_UNUSED_FUNCTION = YES;
				GCC_WARN_UNUSED_VARIABLE = YES;
				IPHONEOS_DEPLOYMENT_TARGET = 8.1;
				MTL_ENABLE_DEBUG_INFO = NO;
				SDKROOT = iphoneos;
				VALIDATE_PRODUCT = YES;
			};
			name = Release;
		};
		84CD16131A096300001BC228 /* Debug */ = {
			isa = XCBuildConfiguration;
			buildSettings = {
				ASSETCATALOG_COMPILER_APPICON_NAME = AppIcon;
				INFOPLIST_FILE = RequestPerformer/Info.plist;
				LD_RUNPATH_SEARCH_PATHS = "$(inherited) @executable_path/Frameworks";
				PRODUCT_NAME = "$(TARGET_NAME)";
			};
			name = Debug;
		};
		84CD16141A096300001BC228 /* Release */ = {
			isa = XCBuildConfiguration;
			buildSettings = {
				ASSETCATALOG_COMPILER_APPICON_NAME = AppIcon;
				INFOPLIST_FILE = RequestPerformer/Info.plist;
				LD_RUNPATH_SEARCH_PATHS = "$(inherited) @executable_path/Frameworks";
				PRODUCT_NAME = "$(TARGET_NAME)";
			};
			name = Release;
		};
		84CD16161A096300001BC228 /* Debug */ = {
			isa = XCBuildConfiguration;
			buildSettings = {
				BUNDLE_LOADER = "$(TEST_HOST)";
				FRAMEWORK_SEARCH_PATHS = (
					"$(SDKROOT)/Developer/Library/Frameworks",
					"$(inherited)",
				);
				GCC_PREPROCESSOR_DEFINITIONS = (
					"DEBUG=1",
					"$(inherited)",
				);
				INFOPLIST_FILE = RequestPerformerTests/Info.plist;
				LD_RUNPATH_SEARCH_PATHS = "$(inherited) @executable_path/Frameworks @loader_path/Frameworks";
				PRODUCT_NAME = "$(TARGET_NAME)";
				TEST_HOST = "$(BUILT_PRODUCTS_DIR)/RequestPerformer.app/RequestPerformer";
			};
			name = Debug;
		};
		84CD16171A096300001BC228 /* Release */ = {
			isa = XCBuildConfiguration;
			buildSettings = {
				BUNDLE_LOADER = "$(TEST_HOST)";
				FRAMEWORK_SEARCH_PATHS = (
					"$(SDKROOT)/Developer/Library/Frameworks",
					"$(inherited)",
				);
				INFOPLIST_FILE = RequestPerformerTests/Info.plist;
				LD_RUNPATH_SEARCH_PATHS = "$(inherited) @executable_path/Frameworks @loader_path/Frameworks";
				PRODUCT_NAME = "$(TARGET_NAME)";
				TEST_HOST = "$(BUILT_PRODUCTS_DIR)/RequestPerformer.app/RequestPerformer";
			};
			name = Release;
		};
/* End XCBuildConfiguration section */

/* Begin XCConfigurationList section */
		84CD15EA1A096300001BC228 /* Build configuration list for PBXProject "RequestPerformer" */ = {
			isa = XCConfigurationList;
			buildConfigurations = (
				84CD16101A096300001BC228 /* Debug */,
				84CD16111A096300001BC228 /* Release */,
			);
			defaultConfigurationIsVisible = 0;
			defaultConfigurationName = Release;
		};
		84CD16121A096300001BC228 /* Build configuration list for PBXNativeTarget "RequestPerformer" */ = {
			isa = XCConfigurationList;
			buildConfigurations = (
				84CD16131A096300001BC228 /* Debug */,
				84CD16141A096300001BC228 /* Release */,
			);
			defaultConfigurationIsVisible = 0;
		};
		84CD16151A096300001BC228 /* Build configuration list for PBXNativeTarget "RequestPerformerTests" */ = {
			isa = XCConfigurationList;
			buildConfigurations = (
				84CD16161A096300001BC228 /* Debug */,
				84CD16171A096300001BC228 /* Release */,
			);
			defaultConfigurationIsVisible = 0;
		};
/* End XCConfigurationList section */
	};
	rootObject = 84CD15E71A096300001BC228 /* Project object */;
}
