// !$*UTF8*$!
{
	archiveVersion = 1;
	classes = {
	};
	objectVersion = 46;
	objects = {

/* Begin PBXBuildFile section */
		84DADA3C1A086BFF00EC8A28 /* main.m in Sources */ = {isa = PBXBuildFile; fileRef = 84DADA3B1A086BFF00EC8A28 /* main.m */; };
		84DADA3F1A086BFF00EC8A28 /* AppDelegate.m in Sources */ = {isa = PBXBuildFile; fileRef = 84DADA3E1A086BFF00EC8A28 /* AppDelegate.m */; };
		84DADA451A086BFF00EC8A28 /* Main.storyboard in Resources */ = {isa = PBXBuildFile; fileRef = 84DADA431A086BFF00EC8A28 /* Main.storyboard */; };
		84DADA471A086BFF00EC8A28 /* Images.xcassets in Resources */ = {isa = PBXBuildFile; fileRef = 84DADA461A086BFF00EC8A28 /* Images.xcassets */; };
		84DADA4A1A086BFF00EC8A28 /* LaunchScreen.xib in Resources */ = {isa = PBXBuildFile; fileRef = 84DADA481A086BFF00EC8A28 /* LaunchScreen.xib */; };
		84DADA561A086BFF00EC8A28 /* MyCustomSightsTableTests.m in Sources */ = {isa = PBXBuildFile; fileRef = 84DADA551A086BFF00EC8A28 /* MyCustomSightsTableTests.m */; };
		84DADA631A086C5400EC8A28 /* SightsTableViewController.m in Sources */ = {isa = PBXBuildFile; fileRef = 84DADA621A086C5400EC8A28 /* SightsTableViewController.m */; };
		84DADA9A1A0870FB00EC8A28 /* CustomCell.xib in Resources */ = {isa = PBXBuildFile; fileRef = 84DADA991A0870FB00EC8A28 /* CustomCell.xib */; };
		84DADA9D1A08712800EC8A28 /* CustomCell.m in Sources */ = {isa = PBXBuildFile; fileRef = 84DADA9C1A08712800EC8A28 /* CustomCell.m */; };
/* End PBXBuildFile section */

/* Begin PBXContainerItemProxy section */
		84DADA501A086BFF00EC8A28 /* PBXContainerItemProxy */ = {
			isa = PBXContainerItemProxy;
			containerPortal = 84DADA2E1A086BFF00EC8A28 /* Project object */;
			proxyType = 1;
			remoteGlobalIDString = 84DADA351A086BFF00EC8A28;
			remoteInfo = MyCustomSightsTable;
		};
/* End PBXContainerItemProxy section */

/* Begin PBXFileReference section */
		84DADA361A086BFF00EC8A28 /* MyCustomSightsTable.app */ = {isa = PBXFileReference; explicitFileType = wrapper.application; includeInIndex = 0; path = MyCustomSightsTable.app; sourceTree = BUILT_PRODUCTS_DIR; };
		84DADA3A1A086BFF00EC8A28 /* Info.plist */ = {isa = PBXFileReference; lastKnownFileType = text.plist.xml; path = Info.plist; sourceTree = "<group>"; };
		84DADA3B1A086BFF00EC8A28 /* main.m */ = {isa = PBXFileReference; lastKnownFileType = sourcecode.c.objc; path = main.m; sourceTree = "<group>"; };
		84DADA3D1A086BFF00EC8A28 /* AppDelegate.h */ = {isa = PBXFileReference; lastKnownFileType = sourcecode.c.h; path = AppDelegate.h; sourceTree = "<group>"; };
		84DADA3E1A086BFF00EC8A28 /* AppDelegate.m */ = {isa = PBXFileReference; lastKnownFileType = sourcecode.c.objc; path = AppDelegate.m; sourceTree = "<group>"; };
		84DADA441A086BFF00EC8A28 /* Base */ = {isa = PBXFileReference; lastKnownFileType = file.storyboard; name = Base; path = Base.lproj/Main.storyboard; sourceTree = "<group>"; };
		84DADA461A086BFF00EC8A28 /* Images.xcassets */ = {isa = PBXFileReference; lastKnownFileType = folder.assetcatalog; path = Images.xcassets; sourceTree = "<group>"; };
		84DADA491A086BFF00EC8A28 /* Base */ = {isa = PBXFileReference; lastKnownFileType = file.xib; name = Base; path = Base.lproj/LaunchScreen.xib; sourceTree = "<group>"; };
		84DADA4F1A086BFF00EC8A28 /* MyCustomSightsTableTests.xctest */ = {isa = PBXFileReference; explicitFileType = wrapper.cfbundle; includeInIndex = 0; path = MyCustomSightsTableTests.xctest; sourceTree = BUILT_PRODUCTS_DIR; };
		84DADA541A086BFF00EC8A28 /* Info.plist */ = {isa = PBXFileReference; lastKnownFileType = text.plist.xml; path = Info.plist; sourceTree = "<group>"; };
		84DADA551A086BFF00EC8A28 /* MyCustomSightsTableTests.m */ = {isa = PBXFileReference; lastKnownFileType = sourcecode.c.objc; path = MyCustomSightsTableTests.m; sourceTree = "<group>"; };
		84DADA611A086C5400EC8A28 /* SightsTableViewController.h */ = {isa = PBXFileReference; fileEncoding = 4; lastKnownFileType = sourcecode.c.h; path = SightsTableViewController.h; sourceTree = "<group>"; };
		84DADA621A086C5400EC8A28 /* SightsTableViewController.m */ = {isa = PBXFileReference; fileEncoding = 4; lastKnownFileType = sourcecode.c.objc; path = SightsTableViewController.m; sourceTree = "<group>"; };
		84DADA991A0870FB00EC8A28 /* CustomCell.xib */ = {isa = PBXFileReference; fileEncoding = 4; lastKnownFileType = file.xib; path = CustomCell.xib; sourceTree = "<group>"; };
		84DADA9B1A08712800EC8A28 /* CustomCell.h */ = {isa = PBXFileReference; fileEncoding = 4; lastKnownFileType = sourcecode.c.h; path = CustomCell.h; sourceTree = "<group>"; };
		84DADA9C1A08712800EC8A28 /* CustomCell.m */ = {isa = PBXFileReference; fileEncoding = 4; lastKnownFileType = sourcecode.c.objc; path = CustomCell.m; sourceTree = "<group>"; };
/* End PBXFileReference section */

/* Begin PBXFrameworksBuildPhase section */
		84DADA331A086BFF00EC8A28 /* Frameworks */ = {
			isa = PBXFrameworksBuildPhase;
			buildActionMask = 2147483647;
			files = (
			);
			runOnlyForDeploymentPostprocessing = 0;
		};
		84DADA4C1A086BFF00EC8A28 /* Frameworks */ = {
			isa = PBXFrameworksBuildPhase;
			buildActionMask = 2147483647;
			files = (
			);
			runOnlyForDeploymentPostprocessing = 0;
		};
/* End PBXFrameworksBuildPhase section */

/* Begin PBXGroup section */
		84DADA2D1A086BFF00EC8A28 = {
			isa = PBXGroup;
			children = (
				84DADA381A086BFF00EC8A28 /* MyCustomSightsTable */,
				84DADA521A086BFF00EC8A28 /* MyCustomSightsTableTests */,
				84DADA371A086BFF00EC8A28 /* Products */,
			);
			sourceTree = "<group>";
		};
		84DADA371A086BFF00EC8A28 /* Products */ = {
			isa = PBXGroup;
			children = (
				84DADA361A086BFF00EC8A28 /* MyCustomSightsTable.app */,
				84DADA4F1A086BFF00EC8A28 /* MyCustomSightsTableTests.xctest */,
			);
			name = Products;
			sourceTree = "<group>";
		};
		84DADA381A086BFF00EC8A28 /* MyCustomSightsTable */ = {
			isa = PBXGroup;
			children = (
				84DADA601A086C3400EC8A28 /* Controllers */,
				84DADA5F1A086C1700EC8A28 /* Views */,
				84DADA3D1A086BFF00EC8A28 /* AppDelegate.h */,
				84DADA3E1A086BFF00EC8A28 /* AppDelegate.m */,
				84DADA431A086BFF00EC8A28 /* Main.storyboard */,
				84DADA461A086BFF00EC8A28 /* Images.xcassets */,
				84DADA481A086BFF00EC8A28 /* LaunchScreen.xib */,
				84DADA391A086BFF00EC8A28 /* Supporting Files */,
			);
			path = MyCustomSightsTable;
			sourceTree = "<group>";
		};
		84DADA391A086BFF00EC8A28 /* Supporting Files */ = {
			isa = PBXGroup;
			children = (
				84DADA3A1A086BFF00EC8A28 /* Info.plist */,
				84DADA3B1A086BFF00EC8A28 /* main.m */,
			);
			name = "Supporting Files";
			sourceTree = "<group>";
		};
		84DADA521A086BFF00EC8A28 /* MyCustomSightsTableTests */ = {
			isa = PBXGroup;
			children = (
				84DADA551A086BFF00EC8A28 /* MyCustomSightsTableTests.m */,
				84DADA531A086BFF00EC8A28 /* Supporting Files */,
			);
			path = MyCustomSightsTableTests;
			sourceTree = "<group>";
		};
		84DADA531A086BFF00EC8A28 /* Supporting Files */ = {
			isa = PBXGroup;
			children = (
				84DADA541A086BFF00EC8A28 /* Info.plist */,
			);
			name = "Supporting Files";
			sourceTree = "<group>";
		};
		84DADA5F1A086C1700EC8A28 /* Views */ = {
			isa = PBXGroup;
			children = (
				84DADA991A0870FB00EC8A28 /* CustomCell.xib */,
				84DADA9B1A08712800EC8A28 /* CustomCell.h */,
				84DADA9C1A08712800EC8A28 /* CustomCell.m */,
			);
			name = Views;
			sourceTree = "<group>";
		};
		84DADA601A086C3400EC8A28 /* Controllers */ = {
			isa = PBXGroup;
			children = (
				84DADA611A086C5400EC8A28 /* SightsTableViewController.h */,
				84DADA621A086C5400EC8A28 /* SightsTableViewController.m */,
			);
			name = Controllers;
			sourceTree = "<group>";
		};
/* End PBXGroup section */

/* Begin PBXNativeTarget section */
		84DADA351A086BFF00EC8A28 /* MyCustomSightsTable */ = {
			isa = PBXNativeTarget;
			buildConfigurationList = 84DADA591A086BFF00EC8A28 /* Build configuration list for PBXNativeTarget "MyCustomSightsTable" */;
			buildPhases = (
				84DADA321A086BFF00EC8A28 /* Sources */,
				84DADA331A086BFF00EC8A28 /* Frameworks */,
				84DADA341A086BFF00EC8A28 /* Resources */,
			);
			buildRules = (
			);
			dependencies = (
			);
			name = MyCustomSightsTable;
			productName = MyCustomSightsTable;
			productReference = 84DADA361A086BFF00EC8A28 /* MyCustomSightsTable.app */;
			productType = "com.apple.product-type.application";
		};
		84DADA4E1A086BFF00EC8A28 /* MyCustomSightsTableTests */ = {
			isa = PBXNativeTarget;
			buildConfigurationList = 84DADA5C1A086BFF00EC8A28 /* Build configuration list for PBXNativeTarget "MyCustomSightsTableTests" */;
			buildPhases = (
				84DADA4B1A086BFF00EC8A28 /* Sources */,
				84DADA4C1A086BFF00EC8A28 /* Frameworks */,
				84DADA4D1A086BFF00EC8A28 /* Resources */,
			);
			buildRules = (
			);
			dependencies = (
				84DADA511A086BFF00EC8A28 /* PBXTargetDependency */,
			);
			name = MyCustomSightsTableTests;
			productName = MyCustomSightsTableTests;
			productReference = 84DADA4F1A086BFF00EC8A28 /* MyCustomSightsTableTests.xctest */;
			productType = "com.apple.product-type.bundle.unit-test";
		};
/* End PBXNativeTarget section */

/* Begin PBXProject section */
		84DADA2E1A086BFF00EC8A28 /* Project object */ = {
			isa = PBXProject;
			attributes = {
				LastUpgradeCheck = 0610;
				ORGANIZATIONNAME = Admin;
				TargetAttributes = {
					84DADA351A086BFF00EC8A28 = {
						CreatedOnToolsVersion = 6.1;
					};
					84DADA4E1A086BFF00EC8A28 = {
						CreatedOnToolsVersion = 6.1;
						TestTargetID = 84DADA351A086BFF00EC8A28;
					};
				};
			};
			buildConfigurationList = 84DADA311A086BFF00EC8A28 /* Build configuration list for PBXProject "MyCustomSightsTable" */;
			compatibilityVersion = "Xcode 3.2";
			developmentRegion = English;
			hasScannedForEncodings = 0;
			knownRegions = (
				en,
				Base,
			);
			mainGroup = 84DADA2D1A086BFF00EC8A28;
			productRefGroup = 84DADA371A086BFF00EC8A28 /* Products */;
			projectDirPath = "";
			projectRoot = "";
			targets = (
				84DADA351A086BFF00EC8A28 /* MyCustomSightsTable */,
				84DADA4E1A086BFF00EC8A28 /* MyCustomSightsTableTests */,
			);
		};
/* End PBXProject section */

/* Begin PBXResourcesBuildPhase section */
		84DADA341A086BFF00EC8A28 /* Resources */ = {
			isa = PBXResourcesBuildPhase;
			buildActionMask = 2147483647;
			files = (
				84DADA451A086BFF00EC8A28 /* Main.storyboard in Resources */,
				84DADA4A1A086BFF00EC8A28 /* LaunchScreen.xib in Resources */,
				84DADA9A1A0870FB00EC8A28 /* CustomCell.xib in Resources */,
				84DADA471A086BFF00EC8A28 /* Images.xcassets in Resources */,
			);
			runOnlyForDeploymentPostprocessing = 0;
		};
		84DADA4D1A086BFF00EC8A28 /* Resources */ = {
			isa = PBXResourcesBuildPhase;
			buildActionMask = 2147483647;
			files = (
			);
			runOnlyForDeploymentPostprocessing = 0;
		};
/* End PBXResourcesBuildPhase section */

/* Begin PBXSourcesBuildPhase section */
		84DADA321A086BFF00EC8A28 /* Sources */ = {
			isa = PBXSourcesBuildPhase;
			buildActionMask = 2147483647;
			files = (
				84DADA631A086C5400EC8A28 /* SightsTableViewController.m in Sources */,
				84DADA3F1A086BFF00EC8A28 /* AppDelegate.m in Sources */,
				84DADA9D1A08712800EC8A28 /* CustomCell.m in Sources */,
				84DADA3C1A086BFF00EC8A28 /* main.m in Sources */,
			);
			runOnlyForDeploymentPostprocessing = 0;
		};
		84DADA4B1A086BFF00EC8A28 /* Sources */ = {
			isa = PBXSourcesBuildPhase;
			buildActionMask = 2147483647;
			files = (
				84DADA561A086BFF00EC8A28 /* MyCustomSightsTableTests.m in Sources */,
			);
			runOnlyForDeploymentPostprocessing = 0;
		};
/* End PBXSourcesBuildPhase section */

/* Begin PBXTargetDependency section */
		84DADA511A086BFF00EC8A28 /* PBXTargetDependency */ = {
			isa = PBXTargetDependency;
			target = 84DADA351A086BFF00EC8A28 /* MyCustomSightsTable */;
			targetProxy = 84DADA501A086BFF00EC8A28 /* PBXContainerItemProxy */;
		};
/* End PBXTargetDependency section */

/* Begin PBXVariantGroup section */
		84DADA431A086BFF00EC8A28 /* Main.storyboard */ = {
			isa = PBXVariantGroup;
			children = (
				84DADA441A086BFF00EC8A28 /* Base */,
			);
			name = Main.storyboard;
			sourceTree = "<group>";
		};
		84DADA481A086BFF00EC8A28 /* LaunchScreen.xib */ = {
			isa = PBXVariantGroup;
			children = (
				84DADA491A086BFF00EC8A28 /* Base */,
			);
			name = LaunchScreen.xib;
			sourceTree = "<group>";
		};
/* End PBXVariantGroup section */

/* Begin XCBuildConfiguration section */
		84DADA571A086BFF00EC8A28 /* Debug */ = {
			isa = XCBuildConfiguration;
			buildSettings = {
				ALWAYS_SEARCH_USER_PATHS = NO;
				CLANG_CXX_LANGUAGE_STANDARD = "gnu++0x";
				CLANG_CXX_LIBRARY = "libc++";
				CLANG_ENABLE_MODULES = YES;
				CLANG_ENABLE_OBJC_ARC = YES;
				CLANG_WARN_BOOL_CONVERSION = YES;
				CLANG_WARN_CONSTANT_CONVERSION = YES;
				CLANG_WARN_DIRECT_OBJC_ISA_USAGE = YES_ERROR;
				CLANG_WARN_EMPTY_BODY = YES;
				CLANG_WARN_ENUM_CONVERSION = YES;
				CLANG_WARN_INT_CONVERSION = YES;
				CLANG_WARN_OBJC_ROOT_CLASS = YES_ERROR;
				CLANG_WARN_UNREACHABLE_CODE = YES;
				CLANG_WARN__DUPLICATE_METHOD_MATCH = YES;
				"CODE_SIGN_IDENTITY[sdk=iphoneos*]" = "iPhone Developer";
				COPY_PHASE_STRIP = NO;
				ENABLE_STRICT_OBJC_MSGSEND = YES;
				GCC_C_LANGUAGE_STANDARD = gnu99;
				GCC_DYNAMIC_NO_PIC = NO;
				GCC_OPTIMIZATION_LEVEL = 0;
				GCC_PREPROCESSOR_DEFINITIONS = (
					"DEBUG=1",
					"$(inherited)",
				);
				GCC_SYMBOLS_PRIVATE_EXTERN = NO;
				GCC_WARN_64_TO_32_BIT_CONVERSION = YES;
				GCC_WARN_ABOUT_RETURN_TYPE = YES_ERROR;
				GCC_WARN_UNDECLARED_SELECTOR = YES;
				GCC_WARN_UNINITIALIZED_AUTOS = YES_AGGRESSIVE;
				GCC_WARN_UNUSED_FUNCTION = YES;
				GCC_WARN_UNUSED_VARIABLE = YES;
				IPHONEOS_DEPLOYMENT_TARGET = 8.1;
				MTL_ENABLE_DEBUG_INFO = YES;
				ONLY_ACTIVE_ARCH = YES;
				SDKROOT = iphoneos;
			};
			name = Debug;
		};
		84DADA581A086BFF00EC8A28 /* Release */ = {
			isa = XCBuildConfiguration;
			buildSettings = {
				ALWAYS_SEARCH_USER_PATHS = NO;
				CLANG_CXX_LANGUAGE_STANDARD = "gnu++0x";
				CLANG_CXX_LIBRARY = "libc++";
				CLANG_ENABLE_MODULES = YES;
				CLANG_ENABLE_OBJC_ARC = YES;
				CLANG_WARN_BOOL_CONVERSION = YES;
				CLANG_WARN_CONSTANT_CONVERSION = YES;
				CLANG_WARN_DIRECT_OBJC_ISA_USAGE = YES_ERROR;
				CLANG_WARN_EMPTY_BODY = YES;
				CLANG_WARN_ENUM_CONVERSION = YES;
				CLANG_WARN_INT_CONVERSION = YES;
				CLANG_WARN_OBJC_ROOT_CLASS = YES_ERROR;
				CLANG_WARN_UNREACHABLE_CODE = YES;
				CLANG_WARN__DUPLICATE_METHOD_MATCH = YES;
				"CODE_SIGN_IDENTITY[sdk=iphoneos*]" = "iPhone Developer";
				COPY_PHASE_STRIP = YES;
				ENABLE_NS_ASSERTIONS = NO;
				ENABLE_STRICT_OBJC_MSGSEND = YES;
				GCC_C_LANGUAGE_STANDARD = gnu99;
				GCC_WARN_64_TO_32_BIT_CONVERSION = YES;
				GCC_WARN_ABOUT_RETURN_TYPE = YES_ERROR;
				GCC_WARN_UNDECLARED_SELECTOR = YES;
				GCC_WARN_UNINITIALIZED_AUTOS = YES_AGGRESSIVE;
				GCC_WARN_UNUSED_FUNCTION = YES;
				GCC_WARN_UNUSED_VARIABLE = YES;
				IPHONEOS_DEPLOYMENT_TARGET = 8.1;
				MTL_ENABLE_DEBUG_INFO = NO;
				SDKROOT = iphoneos;
				VALIDATE_PRODUCT = YES;
			};
			name = Release;
		};
		84DADA5A1A086BFF00EC8A28 /* Debug */ = {
			isa = XCBuildConfiguration;
			buildSettings = {
				ASSETCATALOG_COMPILER_APPICON_NAME = AppIcon;
				INFOPLIST_FILE = MyCustomSightsTable/Info.plist;
				LD_RUNPATH_SEARCH_PATHS = "$(inherited) @executable_path/Frameworks";
				PRODUCT_NAME = "$(TARGET_NAME)";
			};
			name = Debug;
		};
		84DADA5B1A086BFF00EC8A28 /* Release */ = {
			isa = XCBuildConfiguration;
			buildSettings = {
				ASSETCATALOG_COMPILER_APPICON_NAME = AppIcon;
				INFOPLIST_FILE = MyCustomSightsTable/Info.plist;
				LD_RUNPATH_SEARCH_PATHS = "$(inherited) @executable_path/Frameworks";
				PRODUCT_NAME = "$(TARGET_NAME)";
			};
			name = Release;
		};
		84DADA5D1A086BFF00EC8A28 /* Debug */ = {
			isa = XCBuildConfiguration;
			buildSettings = {
				BUNDLE_LOADER = "$(TEST_HOST)";
				FRAMEWORK_SEARCH_PATHS = (
					"$(SDKROOT)/Developer/Library/Frameworks",
					"$(inherited)",
				);
				GCC_PREPROCESSOR_DEFINITIONS = (
					"DEBUG=1",
					"$(inherited)",
				);
				INFOPLIST_FILE = MyCustomSightsTableTests/Info.plist;
				LD_RUNPATH_SEARCH_PATHS = "$(inherited) @executable_path/Frameworks @loader_path/Frameworks";
				PRODUCT_NAME = "$(TARGET_NAME)";
				TEST_HOST = "$(BUILT_PRODUCTS_DIR)/MyCustomSightsTable.app/MyCustomSightsTable";
			};
			name = Debug;
		};
		84DADA5E1A086BFF00EC8A28 /* Release */ = {
			isa = XCBuildConfiguration;
			buildSettings = {
				BUNDLE_LOADER = "$(TEST_HOST)";
				FRAMEWORK_SEARCH_PATHS = (
					"$(SDKROOT)/Developer/Library/Frameworks",
					"$(inherited)",
				);
				INFOPLIST_FILE = MyCustomSightsTableTests/Info.plist;
				LD_RUNPATH_SEARCH_PATHS = "$(inherited) @executable_path/Frameworks @loader_path/Frameworks";
				PRODUCT_NAME = "$(TARGET_NAME)";
				TEST_HOST = "$(BUILT_PRODUCTS_DIR)/MyCustomSightsTable.app/MyCustomSightsTable";
			};
			name = Release;
		};
/* End XCBuildConfiguration section */

/* Begin XCConfigurationList section */
		84DADA311A086BFF00EC8A28 /* Build configuration list for PBXProject "MyCustomSightsTable" */ = {
			isa = XCConfigurationList;
			buildConfigurations = (
				84DADA571A086BFF00EC8A28 /* Debug */,
				84DADA581A086BFF00EC8A28 /* Release */,
			);
			defaultConfigurationIsVisible = 0;
			defaultConfigurationName = Release;
		};
		84DADA591A086BFF00EC8A28 /* Build configuration list for PBXNativeTarget "MyCustomSightsTable" */ = {
			isa = XCConfigurationList;
			buildConfigurations = (
				84DADA5A1A086BFF00EC8A28 /* Debug */,
				84DADA5B1A086BFF00EC8A28 /* Release */,
			);
			defaultConfigurationIsVisible = 0;
			defaultConfigurationName = Release;
		};
		84DADA5C1A086BFF00EC8A28 /* Build configuration list for PBXNativeTarget "MyCustomSightsTableTests" */ = {
			isa = XCConfigurationList;
			buildConfigurations = (
				84DADA5D1A086BFF00EC8A28 /* Debug */,
				84DADA5E1A086BFF00EC8A28 /* Release */,
			);
			defaultConfigurationIsVisible = 0;
			defaultConfigurationName = Release;
		};
/* End XCConfigurationList section */
	};
	rootObject = 84DADA2E1A086BFF00EC8A28 /* Project object */;
}
