// !$*UTF8*$!
{
	archiveVersion = 1;
	classes = {
	};
	objectVersion = 46;
	objects = {

/* Begin PBXBuildFile section */
		840DAEB819FD42E2003B0338 /* main.m in Sources */ = {isa = PBXBuildFile; fileRef = 840DAEB719FD42E2003B0338 /* main.m */; };
		840DAECC19FD43E4003B0338 /* Event.m in Sources */ = {isa = PBXBuildFile; fileRef = 840DAECB19FD43E4003B0338 /* Event.m */; };
		840DAECF19FD43FD003B0338 /* EventManager.m in Sources */ = {isa = PBXBuildFile; fileRef = 840DAECE19FD43FD003B0338 /* EventManager.m */; };
/* End PBXBuildFile section */

/* Begin PBXCopyFilesBuildPhase section */
		840DAEB219FD42E2003B0338 /* CopyFiles */ = {
			isa = PBXCopyFilesBuildPhase;
			buildActionMask = 2147483647;
			dstPath = /usr/share/man/man1/;
			dstSubfolderSpec = 0;
			files = (
			);
			runOnlyForDeploymentPostprocessing = 1;
		};
/* End PBXCopyFilesBuildPhase section */

/* Begin PBXFileReference section */
		840DAEB419FD42E2003B0338 /* EventLibrary */ = {isa = PBXFileReference; explicitFileType = "compiled.mach-o.executable"; includeInIndex = 0; path = EventLibrary; sourceTree = BUILT_PRODUCTS_DIR; };
		840DAEB719FD42E2003B0338 /* main.m */ = {isa = PBXFileReference; lastKnownFileType = sourcecode.c.objc; path = main.m; sourceTree = "<group>"; };
		840DAECA19FD43E4003B0338 /* Event.h */ = {isa = PBXFileReference; fileEncoding = 4; lastKnownFileType = sourcecode.c.h; path = Event.h; sourceTree = "<group>"; };
		840DAECB19FD43E4003B0338 /* Event.m */ = {isa = PBXFileReference; fileEncoding = 4; lastKnownFileType = sourcecode.c.objc; path = Event.m; sourceTree = "<group>"; };
		840DAECD19FD43FD003B0338 /* EventManager.h */ = {isa = PBXFileReference; fileEncoding = 4; lastKnownFileType = sourcecode.c.h; path = EventManager.h; sourceTree = "<group>"; };
		840DAECE19FD43FD003B0338 /* EventManager.m */ = {isa = PBXFileReference; fileEncoding = 4; lastKnownFileType = sourcecode.c.objc; path = EventManager.m; sourceTree = "<group>"; };
/* End PBXFileReference section */

/* Begin PBXFrameworksBuildPhase section */
		840DAEB119FD42E2003B0338 /* Frameworks */ = {
			isa = PBXFrameworksBuildPhase;
			buildActionMask = 2147483647;
			files = (
			);
			runOnlyForDeploymentPostprocessing = 0;
		};
/* End PBXFrameworksBuildPhase section */

/* Begin PBXGroup section */
		840DAEAB19FD42E2003B0338 = {
			isa = PBXGroup;
			children = (
				840DAEB619FD42E2003B0338 /* EventLibrary */,
				840DAEB519FD42E2003B0338 /* Products */,
			);
			sourceTree = "<group>";
		};
		840DAEB519FD42E2003B0338 /* Products */ = {
			isa = PBXGroup;
			children = (
				840DAEB419FD42E2003B0338 /* EventLibrary */,
			);
			name = Products;
			sourceTree = "<group>";
		};
		840DAEB619FD42E2003B0338 /* EventLibrary */ = {
			isa = PBXGroup;
			children = (
				840DAEB719FD42E2003B0338 /* main.m */,
				840DAECA19FD43E4003B0338 /* Event.h */,
				840DAECB19FD43E4003B0338 /* Event.m */,
				840DAECD19FD43FD003B0338 /* EventManager.h */,
				840DAECE19FD43FD003B0338 /* EventManager.m */,
			);
			path = EventLibrary;
			sourceTree = "<group>";
		};
/* End PBXGroup section */

/* Begin PBXNativeTarget section */
		840DAEB319FD42E2003B0338 /* EventLibrary */ = {
			isa = PBXNativeTarget;
			buildConfigurationList = 840DAEBB19FD42E2003B0338 /* Build configuration list for PBXNativeTarget "EventLibrary" */;
			buildPhases = (
				840DAEB019FD42E2003B0338 /* Sources */,
				840DAEB119FD42E2003B0338 /* Frameworks */,
				840DAEB219FD42E2003B0338 /* CopyFiles */,
			);
			buildRules = (
			);
			dependencies = (
			);
			name = EventLibrary;
			productName = EventLibrary;
			productReference = 840DAEB419FD42E2003B0338 /* EventLibrary */;
			productType = "com.apple.product-type.tool";
		};
/* End PBXNativeTarget section */

/* Begin PBXProject section */
		840DAEAC19FD42E2003B0338 /* Project object */ = {
			isa = PBXProject;
			attributes = {
				LastUpgradeCheck = 0610;
				ORGANIZATIONNAME = Admin;
				TargetAttributes = {
					840DAEB319FD42E2003B0338 = {
						CreatedOnToolsVersion = 6.1;
					};
				};
			};
			buildConfigurationList = 840DAEAF19FD42E2003B0338 /* Build configuration list for PBXProject "EventLibrary" */;
			compatibilityVersion = "Xcode 3.2";
			developmentRegion = English;
			hasScannedForEncodings = 0;
			knownRegions = (
				en,
			);
			mainGroup = 840DAEAB19FD42E2003B0338;
			productRefGroup = 840DAEB519FD42E2003B0338 /* Products */;
			projectDirPath = "";
			projectRoot = "";
			targets = (
				840DAEB319FD42E2003B0338 /* EventLibrary */,
			);
		};
/* End PBXProject section */

/* Begin PBXSourcesBuildPhase section */
		840DAEB019FD42E2003B0338 /* Sources */ = {
			isa = PBXSourcesBuildPhase;
			buildActionMask = 2147483647;
			files = (
				840DAECC19FD43E4003B0338 /* Event.m in Sources */,
				840DAEB819FD42E2003B0338 /* main.m in Sources */,
				840DAECF19FD43FD003B0338 /* EventManager.m in Sources */,
			);
			runOnlyForDeploymentPostprocessing = 0;
		};
/* End PBXSourcesBuildPhase section */

/* Begin XCBuildConfiguration section */
		840DAEB919FD42E2003B0338 /* Debug */ = {
			isa = XCBuildConfiguration;
			buildSettings = {
				ALWAYS_SEARCH_USER_PATHS = NO;
				CLANG_CXX_LANGUAGE_STANDARD = "gnu++0x";
				CLANG_CXX_LIBRARY = "libc++";
				CLANG_ENABLE_MODULES = YES;
				CLANG_ENABLE_OBJC_ARC = YES;
				CLANG_WARN_BOOL_CONVERSION = YES;
				CLANG_WARN_CONSTANT_CONVERSION = YES;
				CLANG_WARN_DIRECT_OBJC_ISA_USAGE = YES_ERROR;
				CLANG_WARN_EMPTY_BODY = YES;
				CLANG_WARN_ENUM_CONVERSION = YES;
				CLANG_WARN_INT_CONVERSION = YES;
				CLANG_WARN_OBJC_ROOT_CLASS = YES_ERROR;
				CLANG_WARN_UNREACHABLE_CODE = YES;
				CLANG_WARN__DUPLICATE_METHOD_MATCH = YES;
				COPY_PHASE_STRIP = NO;
				ENABLE_STRICT_OBJC_MSGSEND = YES;
				GCC_C_LANGUAGE_STANDARD = gnu99;
				GCC_DYNAMIC_NO_PIC = NO;
				GCC_OPTIMIZATION_LEVEL = 0;
				GCC_PREPROCESSOR_DEFINITIONS = (
					"DEBUG=1",
					"$(inherited)",
				);
				GCC_SYMBOLS_PRIVATE_EXTERN = NO;
				GCC_WARN_64_TO_32_BIT_CONVERSION = YES;
				GCC_WARN_ABOUT_RETURN_TYPE = YES_ERROR;
				GCC_WARN_UNDECLARED_SELECTOR = YES;
				GCC_WARN_UNINITIALIZED_AUTOS = YES_AGGRESSIVE;
				GCC_WARN_UNUSED_FUNCTION = YES;
				GCC_WARN_UNUSED_VARIABLE = YES;
				MACOSX_DEPLOYMENT_TARGET = 10.9;
				MTL_ENABLE_DEBUG_INFO = YES;
				ONLY_ACTIVE_ARCH = YES;
				SDKROOT = macosx;
			};
			name = Debug;
		};
		840DAEBA19FD42E2003B0338 /* Release */ = {
			isa = XCBuildConfiguration;
			buildSettings = {
				ALWAYS_SEARCH_USER_PATHS = NO;
				CLANG_CXX_LANGUAGE_STANDARD = "gnu++0x";
				CLANG_CXX_LIBRARY = "libc++";
				CLANG_ENABLE_MODULES = YES;
				CLANG_ENABLE_OBJC_ARC = YES;
				CLANG_WARN_BOOL_CONVERSION = YES;
				CLANG_WARN_CONSTANT_CONVERSION = YES;
				CLANG_WARN_DIRECT_OBJC_ISA_USAGE = YES_ERROR;
				CLANG_WARN_EMPTY_BODY = YES;
				CLANG_WARN_ENUM_CONVERSION = YES;
				CLANG_WARN_INT_CONVERSION = YES;
				CLANG_WARN_OBJC_ROOT_CLASS = YES_ERROR;
				CLANG_WARN_UNREACHABLE_CODE = YES;
				CLANG_WARN__DUPLICATE_METHOD_MATCH = YES;
				COPY_PHASE_STRIP = YES;
				DEBUG_INFORMATION_FORMAT = "dwarf-with-dsym";
				ENABLE_NS_ASSERTIONS = NO;
				ENABLE_STRICT_OBJC_MSGSEND = YES;
				GCC_C_LANGUAGE_STANDARD = gnu99;
				GCC_WARN_64_TO_32_BIT_CONVERSION = YES;
				GCC_WARN_ABOUT_RETURN_TYPE = YES_ERROR;
				GCC_WARN_UNDECLARED_SELECTOR = YES;
				GCC_WARN_UNINITIALIZED_AUTOS = YES_AGGRESSIVE;
				GCC_WARN_UNUSED_FUNCTION = YES;
				GCC_WARN_UNUSED_VARIABLE = YES;
				MACOSX_DEPLOYMENT_TARGET = 10.9;
				MTL_ENABLE_DEBUG_INFO = NO;
				SDKROOT = macosx;
			};
			name = Release;
		};
		840DAEBC19FD42E2003B0338 /* Debug */ = {
			isa = XCBuildConfiguration;
			buildSettings = {
				PRODUCT_NAME = "$(TARGET_NAME)";
			};
			name = Debug;
		};
		840DAEBD19FD42E2003B0338 /* Release */ = {
			isa = XCBuildConfiguration;
			buildSettings = {
				PRODUCT_NAME = "$(TARGET_NAME)";
			};
			name = Release;
		};
/* End XCBuildConfiguration section */

/* Begin XCConfigurationList section */
		840DAEAF19FD42E2003B0338 /* Build configuration list for PBXProject "EventLibrary" */ = {
			isa = XCConfigurationList;
			buildConfigurations = (
				840DAEB919FD42E2003B0338 /* Debug */,
				840DAEBA19FD42E2003B0338 /* Release */,
			);
			defaultConfigurationIsVisible = 0;
			defaultConfigurationName = Release;
		};
		840DAEBB19FD42E2003B0338 /* Build configuration list for PBXNativeTarget "EventLibrary" */ = {
			isa = XCConfigurationList;
			buildConfigurations = (
				840DAEBC19FD42E2003B0338 /* Debug */,
				840DAEBD19FD42E2003B0338 /* Release */,
			);
			defaultConfigurationIsVisible = 0;
		};
/* End XCConfigurationList section */
	};
	rootObject = 840DAEAC19FD42E2003B0338 /* Project object */;
}
